{
  "version": 4,
  "terraform_version": "1.7.4",
  "serial": 305,
  "lineage": "071ffe91-d9d0-3657-9c31-cf39a6ec7fa8",
  "outputs": {
    "eip_id": {
      "value": "eipalloc-05e9d7259047de5b1",
      "type": "string"
    },
    "nat_id": {
      "value": "nat-0ac6188f8b31bd2d6",
      "type": "string"
    },
    "pri_subnets": {
      "value": [
        "subnet-0a911acd23cf0270c",
        "subnet-0ce86f26a5845d49d"
      ],
      "type": [
        "tuple",
        [
          "string",
          "string"
        ]
      ]
    },
    "pub_subnets": {
      "value": "subnet-001374406fa7b86c3",
      "type": "string"
    }
  },
  "resources": [
    {
      "module": "module.ami_image",
      "mode": "data",
      "type": "aws_ami",
      "name": "images",
      "provider": "provider[\"registry.terraform.io/hashicorp/aws\"]",
      "instances": [
        {
          "schema_version": 0,
          "attributes": {
            "architecture": "x86_64",
            "arn": "arn:aws:ec2:us-east-1::image/ami-0e6b0a1f7f29fa192",
            "block_device_mappings": [
              {
                "device_name": "/dev/sda1",
                "ebs": {
                  "delete_on_termination": "true",
                  "encrypted": "false",
                  "iops": "0",
                  "snapshot_id": "snap-091f72603a4fd56f5",
                  "throughput": "0",
                  "volume_size": "8",
                  "volume_type": "gp2"
                },
                "no_device": "",
                "virtual_name": ""
              },
              {
                "device_name": "/dev/sdb",
                "ebs": {},
                "no_device": "",
                "virtual_name": "ephemeral0"
              },
              {
                "device_name": "/dev/sdc",
                "ebs": {},
                "no_device": "",
                "virtual_name": "ephemeral1"
              }
            ],
            "boot_mode": "legacy-bios",
            "creation_date": "2024-02-23T17:06:34.000Z",
            "deprecation_time": "2026-02-23T17:06:34.000Z",
            "description": "Canonical, Ubuntu, 20.04 LTS, amd64 focal image build on 2024-02-23",
            "ena_support": true,
            "executable_users": null,
            "filter": [
              {
                "name": "name",
                "values": [
                  "ubuntu/images/hvm-ssd/ubuntu-focal-20.04-amd64-server-*"
                ]
              },
              {
                "name": "virtualization-type",
                "values": [
                  "hvm"
                ]
              }
            ],
            "hypervisor": "xen",
            "id": "ami-0e6b0a1f7f29fa192",
            "image_id": "ami-0e6b0a1f7f29fa192",
            "image_location": "amazon/ubuntu/images/hvm-ssd/ubuntu-focal-20.04-amd64-server-20240223",
            "image_owner_alias": "amazon",
            "image_type": "machine",
            "imds_support": "",
            "include_deprecated": false,
            "kernel_id": "",
            "most_recent": true,
            "name": "ubuntu/images/hvm-ssd/ubuntu-focal-20.04-amd64-server-20240223",
            "name_regex": null,
            "owner_id": "099720109477",
            "owners": [
              "099720109477"
            ],
            "platform": "",
            "platform_details": "Linux/UNIX",
            "product_codes": [],
            "public": true,
            "ramdisk_id": "",
            "root_device_name": "/dev/sda1",
            "root_device_type": "ebs",
            "root_snapshot_id": "snap-091f72603a4fd56f5",
            "sriov_net_support": "simple",
            "state": "available",
            "state_reason": {
              "code": "UNSET",
              "message": "UNSET"
            },
            "tags": {},
            "timeouts": null,
            "tpm_support": "",
            "usage_operation": "RunInstances",
            "virtualization_type": "hvm"
          },
          "sensitive_attributes": []
        }
      ]
    },
    {
      "module": "module.instance_launch",
      "mode": "managed",
      "type": "aws_instance",
      "name": "haProxy_instance",
      "provider": "provider[\"registry.terraform.io/hashicorp/aws\"]",
      "instances": [
        {
          "index_key": 0,
          "schema_version": 1,
          "attributes": {
            "ami": "ami-0e6b0a1f7f29fa192",
            "arn": "arn:aws:ec2:us-east-1:378331682224:instance/i-05aed3793e2ca4bae",
            "associate_public_ip_address": false,
            "availability_zone": "us-east-1a",
            "capacity_reservation_specification": [
              {
                "capacity_reservation_preference": "open",
                "capacity_reservation_target": []
              }
            ],
            "cpu_core_count": 1,
            "cpu_options": [
              {
                "amd_sev_snp": "",
                "core_count": 1,
                "threads_per_core": 1
              }
            ],
            "cpu_threads_per_core": 1,
            "credit_specification": [
              {
                "cpu_credits": "standard"
              }
            ],
            "disable_api_stop": false,
            "disable_api_termination": false,
            "ebs_block_device": [],
            "ebs_optimized": false,
            "enclave_options": [
              {
                "enabled": false
              }
            ],
            "ephemeral_block_device": [],
            "get_password_data": false,
            "hibernation": false,
            "host_id": "",
            "host_resource_group_arn": null,
            "iam_instance_profile": "",
            "id": "i-05aed3793e2ca4bae",
            "instance_initiated_shutdown_behavior": "stop",
            "instance_lifecycle": "",
            "instance_market_options": [],
            "instance_state": "running",
            "instance_type": "t2.micro",
            "ipv6_address_count": 0,
            "ipv6_addresses": [],
            "key_name": "ha_key",
            "launch_template": [],
            "maintenance_options": [
              {
                "auto_recovery": "default"
              }
            ],
            "metadata_options": [
              {
                "http_endpoint": "enabled",
                "http_protocol_ipv6": "disabled",
                "http_put_response_hop_limit": 1,
                "http_tokens": "optional",
                "instance_metadata_tags": "disabled"
              }
            ],
            "monitoring": false,
            "network_interface": [],
            "outpost_arn": "",
            "password_data": "",
            "placement_group": "",
            "placement_partition_number": 0,
            "primary_network_interface_id": "eni-0afc69908aaec7e92",
            "private_dns": "ip-10-0-1-153.ec2.internal",
            "private_dns_name_options": [
              {
                "enable_resource_name_dns_a_record": false,
                "enable_resource_name_dns_aaaa_record": false,
                "hostname_type": "ip-name"
              }
            ],
            "private_ip": "10.0.1.153",
            "public_dns": "",
            "public_ip": "",
            "root_block_device": [
              {
                "delete_on_termination": true,
                "device_name": "/dev/sda1",
                "encrypted": false,
                "iops": 100,
                "kms_key_id": "",
                "tags": {},
                "throughput": 0,
                "volume_id": "vol-003b0e4a1f6f309f0",
                "volume_size": 8,
                "volume_type": "gp2"
              }
            ],
            "secondary_private_ips": [],
            "security_groups": [
              "sg-0540f04da4d97f738"
            ],
            "source_dest_check": true,
            "spot_instance_request_id": "",
            "subnet_id": "subnet-0a911acd23cf0270c",
            "tags": {
              "Environment": "Haproxy",
              "Name": "haproxy-1"
            },
            "tags_all": {
              "Environment": "Haproxy",
              "Name": "haproxy-1"
            },
            "tenancy": "default",
            "timeouts": null,
            "user_data": null,
            "user_data_base64": null,
            "user_data_replace_on_change": false,
            "volume_tags": null,
            "vpc_security_group_ids": [
              "sg-0540f04da4d97f738"
            ]
          },
          "sensitive_attributes": [],
          "private": "eyJlMmJmYjczMC1lY2FhLTExZTYtOGY4OC0zNDM2M2JjN2M0YzAiOnsiY3JlYXRlIjo2MDAwMDAwMDAwMDAsImRlbGV0ZSI6MTIwMDAwMDAwMDAwMCwidXBkYXRlIjo2MDAwMDAwMDAwMDB9LCJzY2hlbWFfdmVyc2lvbiI6IjEifQ==",
          "dependencies": [
            "module.ami_image.data.aws_ami.images",
            "module.sec_groups.aws_security_group.ha_security_group",
            "module.subnet.aws_subnet.private_subnets"
          ]
        },
        {
          "index_key": 1,
          "schema_version": 1,
          "attributes": {
            "ami": "ami-0e6b0a1f7f29fa192",
            "arn": "arn:aws:ec2:us-east-1:378331682224:instance/i-0a09e60996de43d4f",
            "associate_public_ip_address": false,
            "availability_zone": "us-east-1b",
            "capacity_reservation_specification": [
              {
                "capacity_reservation_preference": "open",
                "capacity_reservation_target": []
              }
            ],
            "cpu_core_count": 1,
            "cpu_options": [
              {
                "amd_sev_snp": "",
                "core_count": 1,
                "threads_per_core": 1
              }
            ],
            "cpu_threads_per_core": 1,
            "credit_specification": [
              {
                "cpu_credits": "standard"
              }
            ],
            "disable_api_stop": false,
            "disable_api_termination": false,
            "ebs_block_device": [],
            "ebs_optimized": false,
            "enclave_options": [
              {
                "enabled": false
              }
            ],
            "ephemeral_block_device": [],
            "get_password_data": false,
            "hibernation": false,
            "host_id": "",
            "host_resource_group_arn": null,
            "iam_instance_profile": "",
            "id": "i-0a09e60996de43d4f",
            "instance_initiated_shutdown_behavior": "stop",
            "instance_lifecycle": "",
            "instance_market_options": [],
            "instance_state": "running",
            "instance_type": "t2.micro",
            "ipv6_address_count": 0,
            "ipv6_addresses": [],
            "key_name": "ha_key",
            "launch_template": [],
            "maintenance_options": [
              {
                "auto_recovery": "default"
              }
            ],
            "metadata_options": [
              {
                "http_endpoint": "enabled",
                "http_protocol_ipv6": "disabled",
                "http_put_response_hop_limit": 1,
                "http_tokens": "optional",
                "instance_metadata_tags": "disabled"
              }
            ],
            "monitoring": false,
            "network_interface": [],
            "outpost_arn": "",
            "password_data": "",
            "placement_group": "",
            "placement_partition_number": 0,
            "primary_network_interface_id": "eni-0dfc0c8d052e4f581",
            "private_dns": "ip-10-0-1-243.ec2.internal",
            "private_dns_name_options": [
              {
                "enable_resource_name_dns_a_record": false,
                "enable_resource_name_dns_aaaa_record": false,
                "hostname_type": "ip-name"
              }
            ],
            "private_ip": "10.0.1.243",
            "public_dns": "",
            "public_ip": "",
            "root_block_device": [
              {
                "delete_on_termination": true,
                "device_name": "/dev/sda1",
                "encrypted": false,
                "iops": 100,
                "kms_key_id": "",
                "tags": {},
                "throughput": 0,
                "volume_id": "vol-0a943712873b9a4eb",
                "volume_size": 8,
                "volume_type": "gp2"
              }
            ],
            "secondary_private_ips": [],
            "security_groups": [
              "sg-0540f04da4d97f738"
            ],
            "source_dest_check": true,
            "spot_instance_request_id": "",
            "subnet_id": "subnet-0ce86f26a5845d49d",
            "tags": {
              "Environment": "Haproxy",
              "Name": "haproxy-2"
            },
            "tags_all": {
              "Environment": "Haproxy",
              "Name": "haproxy-2"
            },
            "tenancy": "default",
            "timeouts": null,
            "user_data": null,
            "user_data_base64": null,
            "user_data_replace_on_change": false,
            "volume_tags": null,
            "vpc_security_group_ids": [
              "sg-0540f04da4d97f738"
            ]
          },
          "sensitive_attributes": [],
          "private": "eyJlMmJmYjczMC1lY2FhLTExZTYtOGY4OC0zNDM2M2JjN2M0YzAiOnsiY3JlYXRlIjo2MDAwMDAwMDAwMDAsImRlbGV0ZSI6MTIwMDAwMDAwMDAwMCwidXBkYXRlIjo2MDAwMDAwMDAwMDB9LCJzY2hlbWFfdmVyc2lvbiI6IjEifQ==",
          "dependencies": [
            "module.ami_image.data.aws_ami.images",
            "module.sec_groups.aws_security_group.ha_security_group",
            "module.subnet.aws_subnet.private_subnets"
          ]
        }
      ]
    },
    {
      "module": "module.instance_launch",
      "mode": "managed",
      "type": "aws_instance",
      "name": "public_instance",
      "provider": "provider[\"registry.terraform.io/hashicorp/aws\"]",
      "instances": [
        {
          "schema_version": 1,
          "attributes": {
            "ami": "ami-0e6b0a1f7f29fa192",
            "arn": "arn:aws:ec2:us-east-1:378331682224:instance/i-0077337c1dc00ffd1",
            "associate_public_ip_address": true,
            "availability_zone": "us-east-1a",
            "capacity_reservation_specification": [
              {
                "capacity_reservation_preference": "open",
                "capacity_reservation_target": []
              }
            ],
            "cpu_core_count": 1,
            "cpu_options": [
              {
                "amd_sev_snp": "",
                "core_count": 1,
                "threads_per_core": 1
              }
            ],
            "cpu_threads_per_core": 1,
            "credit_specification": [
              {
                "cpu_credits": "standard"
              }
            ],
            "disable_api_stop": false,
            "disable_api_termination": false,
            "ebs_block_device": [],
            "ebs_optimized": false,
            "enclave_options": [
              {
                "enabled": false
              }
            ],
            "ephemeral_block_device": [],
            "get_password_data": false,
            "hibernation": false,
            "host_id": "",
            "host_resource_group_arn": null,
            "iam_instance_profile": "",
            "id": "i-0077337c1dc00ffd1",
            "instance_initiated_shutdown_behavior": "stop",
            "instance_lifecycle": "",
            "instance_market_options": [],
            "instance_state": "running",
            "instance_type": "t2.micro",
            "ipv6_address_count": 0,
            "ipv6_addresses": [],
            "key_name": "ha_key",
            "launch_template": [],
            "maintenance_options": [
              {
                "auto_recovery": "default"
              }
            ],
            "metadata_options": [
              {
                "http_endpoint": "enabled",
                "http_protocol_ipv6": "disabled",
                "http_put_response_hop_limit": 1,
                "http_tokens": "optional",
                "instance_metadata_tags": "disabled"
              }
            ],
            "monitoring": false,
            "network_interface": [],
            "outpost_arn": "",
            "password_data": "",
            "placement_group": "",
            "placement_partition_number": 0,
            "primary_network_interface_id": "eni-0a93e7107af602c50",
            "private_dns": "ip-10-0-1-80.ec2.internal",
            "private_dns_name_options": [
              {
                "enable_resource_name_dns_a_record": false,
                "enable_resource_name_dns_aaaa_record": false,
                "hostname_type": "ip-name"
              }
            ],
            "private_ip": "10.0.1.80",
            "public_dns": "",
            "public_ip": "34.239.109.88",
            "root_block_device": [
              {
                "delete_on_termination": true,
                "device_name": "/dev/sda1",
                "encrypted": false,
                "iops": 100,
                "kms_key_id": "",
                "tags": {},
                "throughput": 0,
                "volume_id": "vol-042a01380d2f22a4d",
                "volume_size": 8,
                "volume_type": "gp2"
              }
            ],
            "secondary_private_ips": [],
            "security_groups": [
              "sg-0fdbef9bd23e89094"
            ],
            "source_dest_check": true,
            "spot_instance_request_id": "",
            "subnet_id": "subnet-001374406fa7b86c3",
            "tags": {
              "Name": "bashian-host"
            },
            "tags_all": {
              "Name": "bashian-host"
            },
            "tenancy": "default",
            "timeouts": null,
            "user_data": null,
            "user_data_base64": null,
            "user_data_replace_on_change": false,
            "volume_tags": null,
            "vpc_security_group_ids": [
              "sg-0fdbef9bd23e89094"
            ]
          },
          "sensitive_attributes": [],
          "private": "eyJlMmJmYjczMC1lY2FhLTExZTYtOGY4OC0zNDM2M2JjN2M0YzAiOnsiY3JlYXRlIjo2MDAwMDAwMDAwMDAsImRlbGV0ZSI6MTIwMDAwMDAwMDAwMCwidXBkYXRlIjo2MDAwMDAwMDAwMDB9LCJzY2hlbWFfdmVyc2lvbiI6IjEifQ==",
          "dependencies": [
            "module.ami_image.data.aws_ami.images",
            "module.sec_groups.aws_security_group.bastion_security_group",
            "module.subnet.aws_subnet.public_subnets"
          ]
        }
      ]
    },
    {
      "module": "module.instance_launch",
      "mode": "managed",
      "type": "aws_instance",
      "name": "webserver_instance",
      "provider": "provider[\"registry.terraform.io/hashicorp/aws\"]",
      "instances": [
        {
          "index_key": 0,
          "schema_version": 1,
          "attributes": {
            "ami": "ami-0e6b0a1f7f29fa192",
            "arn": "arn:aws:ec2:us-east-1:378331682224:instance/i-0d8bca3b0a404d8b1",
            "associate_public_ip_address": false,
            "availability_zone": "us-east-1a",
            "capacity_reservation_specification": [
              {
                "capacity_reservation_preference": "open",
                "capacity_reservation_target": []
              }
            ],
            "cpu_core_count": 1,
            "cpu_options": [
              {
                "amd_sev_snp": "",
                "core_count": 1,
                "threads_per_core": 1
              }
            ],
            "cpu_threads_per_core": 1,
            "credit_specification": [
              {
                "cpu_credits": "standard"
              }
            ],
            "disable_api_stop": false,
            "disable_api_termination": false,
            "ebs_block_device": [],
            "ebs_optimized": false,
            "enclave_options": [
              {
                "enabled": false
              }
            ],
            "ephemeral_block_device": [],
            "get_password_data": false,
            "hibernation": false,
            "host_id": "",
            "host_resource_group_arn": null,
            "iam_instance_profile": "",
            "id": "i-0d8bca3b0a404d8b1",
            "instance_initiated_shutdown_behavior": "stop",
            "instance_lifecycle": "",
            "instance_market_options": [],
            "instance_state": "running",
            "instance_type": "t2.micro",
            "ipv6_address_count": 0,
            "ipv6_addresses": [],
            "key_name": "ha_key",
            "launch_template": [],
            "maintenance_options": [
              {
                "auto_recovery": "default"
              }
            ],
            "metadata_options": [
              {
                "http_endpoint": "enabled",
                "http_protocol_ipv6": "disabled",
                "http_put_response_hop_limit": 1,
                "http_tokens": "optional",
                "instance_metadata_tags": "disabled"
              }
            ],
            "monitoring": false,
            "network_interface": [],
            "outpost_arn": "",
            "password_data": "",
            "placement_group": "",
            "placement_partition_number": 0,
            "primary_network_interface_id": "eni-0ab9900a9a9429386",
            "private_dns": "ip-10-0-1-187.ec2.internal",
            "private_dns_name_options": [
              {
                "enable_resource_name_dns_a_record": false,
                "enable_resource_name_dns_aaaa_record": false,
                "hostname_type": "ip-name"
              }
            ],
            "private_ip": "10.0.1.187",
            "public_dns": "",
            "public_ip": "",
            "root_block_device": [
              {
                "delete_on_termination": true,
                "device_name": "/dev/sda1",
                "encrypted": false,
                "iops": 100,
                "kms_key_id": "",
                "tags": {},
                "throughput": 0,
                "volume_id": "vol-0056ed4ddba04e48d",
                "volume_size": 8,
                "volume_type": "gp2"
              }
            ],
            "secondary_private_ips": [],
            "security_groups": [
              "sg-056ddba920f9f4a1c"
            ],
            "source_dest_check": true,
            "spot_instance_request_id": "",
            "subnet_id": "subnet-0a911acd23cf0270c",
            "tags": {
              "Environment": "Webserver",
              "Name": "web-1"
            },
            "tags_all": {
              "Environment": "Webserver",
              "Name": "web-1"
            },
            "tenancy": "default",
            "timeouts": null,
            "user_data": null,
            "user_data_base64": null,
            "user_data_replace_on_change": false,
            "volume_tags": null,
            "vpc_security_group_ids": [
              "sg-056ddba920f9f4a1c"
            ]
          },
          "sensitive_attributes": [],
          "private": "eyJlMmJmYjczMC1lY2FhLTExZTYtOGY4OC0zNDM2M2JjN2M0YzAiOnsiY3JlYXRlIjo2MDAwMDAwMDAwMDAsImRlbGV0ZSI6MTIwMDAwMDAwMDAwMCwidXBkYXRlIjo2MDAwMDAwMDAwMDB9LCJzY2hlbWFfdmVyc2lvbiI6IjEifQ==",
          "dependencies": [
            "module.ami_image.data.aws_ami.images",
            "module.sec_groups.aws_security_group.web_security_group",
            "module.subnet.aws_subnet.private_subnets"
          ]
        },
        {
          "index_key": 1,
          "schema_version": 1,
          "attributes": {
            "ami": "ami-0e6b0a1f7f29fa192",
            "arn": "arn:aws:ec2:us-east-1:378331682224:instance/i-05be6ef32cbb649e6",
            "associate_public_ip_address": false,
            "availability_zone": "us-east-1b",
            "capacity_reservation_specification": [
              {
                "capacity_reservation_preference": "open",
                "capacity_reservation_target": []
              }
            ],
            "cpu_core_count": 1,
            "cpu_options": [
              {
                "amd_sev_snp": "",
                "core_count": 1,
                "threads_per_core": 1
              }
            ],
            "cpu_threads_per_core": 1,
            "credit_specification": [
              {
                "cpu_credits": "standard"
              }
            ],
            "disable_api_stop": false,
            "disable_api_termination": false,
            "ebs_block_device": [],
            "ebs_optimized": false,
            "enclave_options": [
              {
                "enabled": false
              }
            ],
            "ephemeral_block_device": [],
            "get_password_data": false,
            "hibernation": false,
            "host_id": "",
            "host_resource_group_arn": null,
            "iam_instance_profile": "",
            "id": "i-05be6ef32cbb649e6",
            "instance_initiated_shutdown_behavior": "stop",
            "instance_lifecycle": "",
            "instance_market_options": [],
            "instance_state": "running",
            "instance_type": "t2.micro",
            "ipv6_address_count": 0,
            "ipv6_addresses": [],
            "key_name": "ha_key",
            "launch_template": [],
            "maintenance_options": [
              {
                "auto_recovery": "default"
              }
            ],
            "metadata_options": [
              {
                "http_endpoint": "enabled",
                "http_protocol_ipv6": "disabled",
                "http_put_response_hop_limit": 1,
                "http_tokens": "optional",
                "instance_metadata_tags": "disabled"
              }
            ],
            "monitoring": false,
            "network_interface": [],
            "outpost_arn": "",
            "password_data": "",
            "placement_group": "",
            "placement_partition_number": 0,
            "primary_network_interface_id": "eni-0c06e326f73a7ade3",
            "private_dns": "ip-10-0-1-220.ec2.internal",
            "private_dns_name_options": [
              {
                "enable_resource_name_dns_a_record": false,
                "enable_resource_name_dns_aaaa_record": false,
                "hostname_type": "ip-name"
              }
            ],
            "private_ip": "10.0.1.220",
            "public_dns": "",
            "public_ip": "",
            "root_block_device": [
              {
                "delete_on_termination": true,
                "device_name": "/dev/sda1",
                "encrypted": false,
                "iops": 100,
                "kms_key_id": "",
                "tags": {},
                "throughput": 0,
                "volume_id": "vol-06b658635f93edd9b",
                "volume_size": 8,
                "volume_type": "gp2"
              }
            ],
            "secondary_private_ips": [],
            "security_groups": [
              "sg-056ddba920f9f4a1c"
            ],
            "source_dest_check": true,
            "spot_instance_request_id": "",
            "subnet_id": "subnet-0ce86f26a5845d49d",
            "tags": {
              "Environment": "Webserver",
              "Name": "web-2"
            },
            "tags_all": {
              "Environment": "Webserver",
              "Name": "web-2"
            },
            "tenancy": "default",
            "timeouts": null,
            "user_data": null,
            "user_data_base64": null,
            "user_data_replace_on_change": false,
            "volume_tags": null,
            "vpc_security_group_ids": [
              "sg-056ddba920f9f4a1c"
            ]
          },
          "sensitive_attributes": [],
          "private": "eyJlMmJmYjczMC1lY2FhLTExZTYtOGY4OC0zNDM2M2JjN2M0YzAiOnsiY3JlYXRlIjo2MDAwMDAwMDAwMDAsImRlbGV0ZSI6MTIwMDAwMDAwMDAwMCwidXBkYXRlIjo2MDAwMDAwMDAwMDB9LCJzY2hlbWFfdmVyc2lvbiI6IjEifQ==",
          "dependencies": [
            "module.ami_image.data.aws_ami.images",
            "module.sec_groups.aws_security_group.web_security_group",
            "module.subnet.aws_subnet.private_subnets"
          ]
        }
      ]
    },
    {
      "module": "module.key_pair",
      "mode": "managed",
      "type": "aws_key_pair",
      "name": "public_key_pair",
      "provider": "provider[\"registry.terraform.io/hashicorp/aws\"]",
      "instances": [
        {
          "schema_version": 1,
          "attributes": {
            "arn": "arn:aws:ec2:us-east-1:378331682224:key-pair/ha_key",
            "fingerprint": "c9:84:d3:21:e9:24:cc:93:d6:cb:95:79:fe:50:64:e0",
            "id": "ha_key",
            "key_name": "ha_key",
            "key_name_prefix": "",
            "key_pair_id": "key-06e3259b76ec36185",
            "key_type": "rsa",
            "public_key": "ssh-rsa AAAAB3NzaC1yc2EAAAADAQABAAACAQCyXWDzEPPx1HcOEw3/3FjBHj7IvH2Jd/jShitVZyXdwKIBlDzmKeokXURttj6TAZCe2EfUt3mv04D/PtjA/H6Z1PCKCiYZIZNRPyePSGN06Xd8O+lSLSsEzWQXx5+btyCX9HU4VtJqLBSNRYTftNOCgJuXa8e1fOG5okLMZ9pSrTzvs2D9YUANMxdEkHCamRWwU59y5z9NDt/vJ7iiMahjKthgFz39ERBb6M2ByDSjVY6ePacNfYiDSvX4A3CXt6YXP90jvWBboXL/Gxt4IAtmsblg5Nw3O1FSy+aHfsSI0s3gSZsDdofY+dKGnnALTSaxIqWKf9MdOHPuruNKon5u5vmEAl1JjcSVcPY5dECEOfpRyh94X+tmHEtIo5+7j2B166Y0KvoYIk4DVx1EFwBJZSf0n+/G/1ZuvKmhaPVAIOPlXOucKFSKw3Ax7ex8XDpylGZiyaE05hNLPcTtYtIaKMp331deJAJWIJeZxrPjp5NnCnfL3/6Qzs2ViNhOl6jcaoAXIgPxPDJFD5GBcTu7SH6qpwmgjkuNyZUmKVJNVtLNsC22h4I69ZCNenm1qvoun/SV0zZXDBhWwoV+hpgcpaPGJbbmwgzDgNqznpKqL9JuXxxrA9c+43lA6pT6WOLqqoju7ieOS49o0wyS3Tma4pX2GefllcNZ9CiTmKUZTw==",
            "tags": null,
            "tags_all": {}
          },
          "sensitive_attributes": [],
          "private": "eyJzY2hlbWFfdmVyc2lvbiI6IjEifQ==",
          "dependencies": [
            "module.key_pair.tls_private_key.private_key"
          ]
        }
      ]
    },
    {
      "module": "module.key_pair",
      "mode": "managed",
      "type": "local_file",
      "name": "private_key_file",
      "provider": "provider[\"registry.terraform.io/hashicorp/local\"]",
      "instances": [
        {
          "schema_version": 0,
          "attributes": {
            "content": "-----BEGIN RSA PRIVATE KEY-----\nMIIJKQIBAAKCAgEAsl1g8xDz8dR3DhMN/9xYwR4+yLx9iXf40oYrVWcl3cCiAZQ8\n5inqJF1EbbY+kwGQnthH1Ld5r9OA/z7YwPx+mdTwigomGSGTUT8nj0hjdOl3fDvp\nUi0rBM1kF8efm7cgl/R1OFbSaiwUjUWE37TTgoCbl2vHtXzhuaJCzGfaUq0877Ng\n/WFADTMXRJBwmpkVsFOfcuc/TQ7f7ye4ojGoYyrYYBc9/REQW+jNgcg0o1WOnj2n\nDX2Ig0r1+ANwl7emFz/dI71gW6Fy/xsbeCALZrG5YOTcNztRUsvmh37EiNLN4Emb\nA3aH2PnShp5wC00msSKlin/THThz7q7jSqJ+bub5hAJdSY3ElXD2OXRAhDn6Ucof\neF/rZhxLSKOfu49gdeumNCr6GCJOA1cdRBcASWUn9J/vxv9WbrypoWj1QCDj5Vzr\nnChUisNwMe3sfFw6cpRmYsmhNOYTSz3E7WLSGijKd99XXiQCViCXmcaz46eTZwp3\ny9/+kM7NlYjYTpeo3GqAFyID8TwyRQ+RgXE7u0h+qqcJoI5LjcmVJilSTVbSzbAt\ntoeCOvWQjXp5tar6Lp/0ldM2VwwYVsKFfoaYHKWjxiW25sIMw4Das56Sqi/Sbl8c\nawPXPuN5QOqU+lji6qqI7u4njkuPaNMMkt05muKV9hnn5ZXDWfQok5ilGU8CAwEA\nAQKCAgAk7eKB0PPBES1pM5bFb9jMezeiliwjxzw0UmUsdIPJivW///Iv8WOyDcF6\nOa5w/3Ty/nK43xgJyG+/6UI1itGnhggbfIhw0ZvPyZSmPOWisif0B++B/SoX/3KG\n3eT095B/BbUzaf58zw2eRlOBgc39CiWszzr1H5sYtTjBW4s/bPDd7DTboUQCt55M\nqt81kxaDgHzV7H0Vtku1F3NJ2aA0kA1mr8k82UiazvOluE71tmQl7TvmNiSKkn2k\n0QmB0BtKWwWtPatyrVXC7djdIT1bENcB8cCKivSGgQME8ME+Vu8bTgITUHpF+UuW\nZb1rCZlGOZcuutJ6DVMrivgyXrxwXudTNAKpg6r1rmSOR7dUVlrz85iEc/qQe/S+\nS5R3NDm5wyPq658VTpXfu9t4oyIli1JdIgvijKIDqM7YGz/h23VLFulDKkpoNWzv\nKg60JczC2ZY8DWc3+BTuQIlhknZX+C7GG6dbRuwz+5A0t+2td0o6G0y5xMGO6//Q\nxqVyQ3xEz42R6lTH+QL+cb48gJXNogz0I65h0Kya4ZJF+OOsCgXnNcRr8dNwmMLs\ntuohaPYPPMPD92FJq1jWTaojPZFpoWdM/FXGkr8bvFrAtOOn0AUp/F/jKpOxFKk9\nzzezREPR1a768tw/0+8HKAbXsfhp8YNGB1QN9OVnm0zSdEdSsQKCAQEAwcOR9E7f\nyZTaOf7Xw9qEe/T+33tH945MvGSp9OSEbbghsJ4A068unUXubkW07WKoKrzk2Wlw\nU1YFqYlFUmkRYNMGi5UXcRvqH712HJsEnVTOJ1mo5Jp4ZD6CmNSX4sNVU3TMha5f\nSR/HkKW1Q4HpXD1zJabzyzRIo1Av+GYNJrL5Aek3SWP7b1MH2Fm+8DTmeR8Y0gfR\nnw+pztLv8XP+Qaaf2TuahDJHYymhUaRdIGNyinaFtvRzx13BdhQlcZVUNl8WPdpu\ncjKu5jjCDhqHiKsYaUPIfMYStzenTzV+5WnJFtt0S59JUTkvWDTNXM9hrcHTCDjV\nEef3mCRdXnAxCQKCAQEA66eYc4+QREgBhgzlRysT6qJ58OpCK6txbwvgY3oq6Wrw\nA5uyrg9LmBorLVew/2pWeFvYu+viyKsIq4olX5SFBT8jwI8ZA915Tk44czu6ybC/\nRDiPVqxW+wzxcZwhbnnFjyfubnrjFAXNJaDf2ZPeZCt+2tHXu4bDwQfrSBHxlJuz\nYLIqWhyRYKxPS3e2c6AsovNPVZxCYLVOGbc4oU0h3YlH8DI0WJnEqndFU2YybeJK\nmuXL1GPT5i3Yb2Tl2dBxe3UXYGxA6PDhit6sgC49o2F7echEc0ddGyNixamBYDV0\nfFyzEVTrrdrHcxHiurq1sGtSu8Oa05lXhEnVfysFlwKCAQBR02EjpttiqXWu4CwG\nDZW9My0e+1Tc+j71oB0VyhsSqpuvlkoLGwO4bvvNnapWRT93LOYH2jsRNlaVzd50\neuJX3UX6VC/eGEe6t6vVULGWL2YPwBFO2NzWmH9WQxERNiQmZkCog4bBvqXsM85k\nf8woo9qon+R8f8vdC9P2NkJ/gT0ezXoHiC16SboaZ2v2zKA3riYxLBQd8+Nl8DZb\n5PwOhWsjtcP+56y197KkY6DgOJ76UisNpBXwr2svjjpxyPoTK/ycik3x8+1gU7+/\nbPynfnmEmpdj+dGVhe8lyBWalB3ThUGLXez8XAXeXg4Lj5hUZHHWGwn/0dIBcfns\nE7zhAoIBAQDVl1V1wLUJPp6q6rtR0zi9HcEa3KlXPZCWDxS19YA5iuS60H+WhmSF\nG4rxER9rke2IL+90/OvT6Dn2iUMwq8QZqk30dX894prVn85Im+XEc4AZDI7XB2Pb\nLrMUv2gJ4zNuesoAtz9k4ZE8vuDGK+GRt17GZRZ9cTuylUPrUeA+SxW92h7LCEO4\ndNV2WK41hQOQOqo4tWXwk8STSF96zBea3ZgnnMmXWOBJhct/OQ0STd5DIW+rNURV\nyE35QWGYF/cT6GBk1BnNSK+VGBkQIVla4btx+VQZjKBWPa+D6wxJsInBQqBHYEox\njS/kG1z+1MZjfhNB/pwxmDYbwHRTTCJHAoIBAQCcLtq3Perrcx0qbrzRdQp33sUB\njededSQaZO3cA9n4X0T2hE/58oG7kQ++P6/2nxBv0/FoM9zvNDDBkIvPSopTqyih\nke7so6I0t8ecmdNVTkl4zC/xz5vsE1XtIRH/GIqHN2NIH9A4svAxR2zWEyNsmf1H\nWvI2aEpO39mmOqzLhD/d5Mcd1kzOJ63aEF/BbBUw8kl8mW9Uzc6GDLZ1+rQ36LYe\npL9wXblYhFOwgDhqMtwSbyjJ8bG+QTT9uQ1zfLMnSEItAT/NyCi4JNIYz9txGvlu\nTiIfxzTmubKYyEYv3hDv3hgdYvCgS/qjOoJOSzDziQDKKE3mUqE6p2fr3mxt\n-----END RSA PRIVATE KEY-----\n",
            "content_base64": null,
            "content_base64sha256": "xMLpjusjgtNuzZH+J/T786ZXukl8XosItMf55qQ+1CI=",
            "content_base64sha512": "Mbt1XgkjPVG0mEWSj7Ht9f6MLTS5iQzjWk9F0VgvHFgJp4DRT45c4W0rBny1bpDzhjKywPKiQ6c/oYGe6j/V8w==",
            "content_md5": "a0d5a950934e89c9626e62acead53654",
            "content_sha1": "5beae8c15a751b3a08fda812b66ec82a25f8dca3",
            "content_sha256": "c4c2e98eeb2382d36ecd91fe27f4fbf3a657ba497c5e8b08b4c7f9e6a43ed422",
            "content_sha512": "31bb755e09233d51b49845928fb1edf5fe8c2d34b9890ce35a4f45d1582f1c5809a780d14f8e5ce16d2b067cb56e90f38632b2c0f2a243a73fa1819eea3fd5f3",
            "directory_permission": "0777",
            "file_permission": "0777",
            "filename": "ha_key.pem",
            "id": "5beae8c15a751b3a08fda812b66ec82a25f8dca3",
            "sensitive_content": null,
            "source": null
          },
          "sensitive_attributes": [
            [
              {
                "type": "get_attr",
                "value": "content"
              }
            ]
          ],
          "dependencies": [
            "module.key_pair.tls_private_key.private_key"
          ]
        }
      ]
    },
    {
      "module": "module.key_pair",
      "mode": "managed",
      "type": "null_resource",
      "name": "change_permissions",
      "provider": "provider[\"registry.terraform.io/hashicorp/null\"]",
      "instances": [
        {
          "schema_version": 0,
          "attributes": {
            "id": "1304852204228210860",
            "triggers": {
              "private_key_content": "-----BEGIN RSA PRIVATE KEY-----\nMIIJKQIBAAKCAgEAsl1g8xDz8dR3DhMN/9xYwR4+yLx9iXf40oYrVWcl3cCiAZQ8\n5inqJF1EbbY+kwGQnthH1Ld5r9OA/z7YwPx+mdTwigomGSGTUT8nj0hjdOl3fDvp\nUi0rBM1kF8efm7cgl/R1OFbSaiwUjUWE37TTgoCbl2vHtXzhuaJCzGfaUq0877Ng\n/WFADTMXRJBwmpkVsFOfcuc/TQ7f7ye4ojGoYyrYYBc9/REQW+jNgcg0o1WOnj2n\nDX2Ig0r1+ANwl7emFz/dI71gW6Fy/xsbeCALZrG5YOTcNztRUsvmh37EiNLN4Emb\nA3aH2PnShp5wC00msSKlin/THThz7q7jSqJ+bub5hAJdSY3ElXD2OXRAhDn6Ucof\neF/rZhxLSKOfu49gdeumNCr6GCJOA1cdRBcASWUn9J/vxv9WbrypoWj1QCDj5Vzr\nnChUisNwMe3sfFw6cpRmYsmhNOYTSz3E7WLSGijKd99XXiQCViCXmcaz46eTZwp3\ny9/+kM7NlYjYTpeo3GqAFyID8TwyRQ+RgXE7u0h+qqcJoI5LjcmVJilSTVbSzbAt\ntoeCOvWQjXp5tar6Lp/0ldM2VwwYVsKFfoaYHKWjxiW25sIMw4Das56Sqi/Sbl8c\nawPXPuN5QOqU+lji6qqI7u4njkuPaNMMkt05muKV9hnn5ZXDWfQok5ilGU8CAwEA\nAQKCAgAk7eKB0PPBES1pM5bFb9jMezeiliwjxzw0UmUsdIPJivW///Iv8WOyDcF6\nOa5w/3Ty/nK43xgJyG+/6UI1itGnhggbfIhw0ZvPyZSmPOWisif0B++B/SoX/3KG\n3eT095B/BbUzaf58zw2eRlOBgc39CiWszzr1H5sYtTjBW4s/bPDd7DTboUQCt55M\nqt81kxaDgHzV7H0Vtku1F3NJ2aA0kA1mr8k82UiazvOluE71tmQl7TvmNiSKkn2k\n0QmB0BtKWwWtPatyrVXC7djdIT1bENcB8cCKivSGgQME8ME+Vu8bTgITUHpF+UuW\nZb1rCZlGOZcuutJ6DVMrivgyXrxwXudTNAKpg6r1rmSOR7dUVlrz85iEc/qQe/S+\nS5R3NDm5wyPq658VTpXfu9t4oyIli1JdIgvijKIDqM7YGz/h23VLFulDKkpoNWzv\nKg60JczC2ZY8DWc3+BTuQIlhknZX+C7GG6dbRuwz+5A0t+2td0o6G0y5xMGO6//Q\nxqVyQ3xEz42R6lTH+QL+cb48gJXNogz0I65h0Kya4ZJF+OOsCgXnNcRr8dNwmMLs\ntuohaPYPPMPD92FJq1jWTaojPZFpoWdM/FXGkr8bvFrAtOOn0AUp/F/jKpOxFKk9\nzzezREPR1a768tw/0+8HKAbXsfhp8YNGB1QN9OVnm0zSdEdSsQKCAQEAwcOR9E7f\nyZTaOf7Xw9qEe/T+33tH945MvGSp9OSEbbghsJ4A068unUXubkW07WKoKrzk2Wlw\nU1YFqYlFUmkRYNMGi5UXcRvqH712HJsEnVTOJ1mo5Jp4ZD6CmNSX4sNVU3TMha5f\nSR/HkKW1Q4HpXD1zJabzyzRIo1Av+GYNJrL5Aek3SWP7b1MH2Fm+8DTmeR8Y0gfR\nnw+pztLv8XP+Qaaf2TuahDJHYymhUaRdIGNyinaFtvRzx13BdhQlcZVUNl8WPdpu\ncjKu5jjCDhqHiKsYaUPIfMYStzenTzV+5WnJFtt0S59JUTkvWDTNXM9hrcHTCDjV\nEef3mCRdXnAxCQKCAQEA66eYc4+QREgBhgzlRysT6qJ58OpCK6txbwvgY3oq6Wrw\nA5uyrg9LmBorLVew/2pWeFvYu+viyKsIq4olX5SFBT8jwI8ZA915Tk44czu6ybC/\nRDiPVqxW+wzxcZwhbnnFjyfubnrjFAXNJaDf2ZPeZCt+2tHXu4bDwQfrSBHxlJuz\nYLIqWhyRYKxPS3e2c6AsovNPVZxCYLVOGbc4oU0h3YlH8DI0WJnEqndFU2YybeJK\nmuXL1GPT5i3Yb2Tl2dBxe3UXYGxA6PDhit6sgC49o2F7echEc0ddGyNixamBYDV0\nfFyzEVTrrdrHcxHiurq1sGtSu8Oa05lXhEnVfysFlwKCAQBR02EjpttiqXWu4CwG\nDZW9My0e+1Tc+j71oB0VyhsSqpuvlkoLGwO4bvvNnapWRT93LOYH2jsRNlaVzd50\neuJX3UX6VC/eGEe6t6vVULGWL2YPwBFO2NzWmH9WQxERNiQmZkCog4bBvqXsM85k\nf8woo9qon+R8f8vdC9P2NkJ/gT0ezXoHiC16SboaZ2v2zKA3riYxLBQd8+Nl8DZb\n5PwOhWsjtcP+56y197KkY6DgOJ76UisNpBXwr2svjjpxyPoTK/ycik3x8+1gU7+/\nbPynfnmEmpdj+dGVhe8lyBWalB3ThUGLXez8XAXeXg4Lj5hUZHHWGwn/0dIBcfns\nE7zhAoIBAQDVl1V1wLUJPp6q6rtR0zi9HcEa3KlXPZCWDxS19YA5iuS60H+WhmSF\nG4rxER9rke2IL+90/OvT6Dn2iUMwq8QZqk30dX894prVn85Im+XEc4AZDI7XB2Pb\nLrMUv2gJ4zNuesoAtz9k4ZE8vuDGK+GRt17GZRZ9cTuylUPrUeA+SxW92h7LCEO4\ndNV2WK41hQOQOqo4tWXwk8STSF96zBea3ZgnnMmXWOBJhct/OQ0STd5DIW+rNURV\nyE35QWGYF/cT6GBk1BnNSK+VGBkQIVla4btx+VQZjKBWPa+D6wxJsInBQqBHYEox\njS/kG1z+1MZjfhNB/pwxmDYbwHRTTCJHAoIBAQCcLtq3Perrcx0qbrzRdQp33sUB\njededSQaZO3cA9n4X0T2hE/58oG7kQ++P6/2nxBv0/FoM9zvNDDBkIvPSopTqyih\nke7so6I0t8ecmdNVTkl4zC/xz5vsE1XtIRH/GIqHN2NIH9A4svAxR2zWEyNsmf1H\nWvI2aEpO39mmOqzLhD/d5Mcd1kzOJ63aEF/BbBUw8kl8mW9Uzc6GDLZ1+rQ36LYe\npL9wXblYhFOwgDhqMtwSbyjJ8bG+QTT9uQ1zfLMnSEItAT/NyCi4JNIYz9txGvlu\nTiIfxzTmubKYyEYv3hDv3hgdYvCgS/qjOoJOSzDziQDKKE3mUqE6p2fr3mxt\n-----END RSA PRIVATE KEY-----\n"
            }
          },
          "sensitive_attributes": [
            [
              {
                "type": "get_attr",
                "value": "triggers"
              },
              {
                "type": "index",
                "value": {
                  "value": "private_key_content",
                  "type": "string"
                }
              }
            ]
          ],
          "dependencies": [
            "module.key_pair.local_file.private_key_file",
            "module.key_pair.tls_private_key.private_key"
          ]
        }
      ]
    },
    {
      "module": "module.key_pair",
      "mode": "managed",
      "type": "tls_private_key",
      "name": "private_key",
      "provider": "provider[\"registry.terraform.io/hashicorp/tls\"]",
      "instances": [
        {
          "schema_version": 1,
          "attributes": {
            "algorithm": "RSA",
            "ecdsa_curve": "P224",
            "id": "0bcc705f566287e8545776d9179e04dad76f9a20",
            "private_key_openssh": "-----BEGIN OPENSSH PRIVATE KEY-----\nb3BlbnNzaC1rZXktdjEAAAAABG5vbmUAAAAEbm9uZQAAAAAAAAABAAACFwAAAAdz\nc2gtcnNhAAAAAwEAAQAAAgEAsl1g8xDz8dR3DhMN/9xYwR4+yLx9iXf40oYrVWcl\n3cCiAZQ85inqJF1EbbY+kwGQnthH1Ld5r9OA/z7YwPx+mdTwigomGSGTUT8nj0hj\ndOl3fDvpUi0rBM1kF8efm7cgl/R1OFbSaiwUjUWE37TTgoCbl2vHtXzhuaJCzGfa\nUq0877Ng/WFADTMXRJBwmpkVsFOfcuc/TQ7f7ye4ojGoYyrYYBc9/REQW+jNgcg0\no1WOnj2nDX2Ig0r1+ANwl7emFz/dI71gW6Fy/xsbeCALZrG5YOTcNztRUsvmh37E\niNLN4EmbA3aH2PnShp5wC00msSKlin/THThz7q7jSqJ+bub5hAJdSY3ElXD2OXRA\nhDn6UcofeF/rZhxLSKOfu49gdeumNCr6GCJOA1cdRBcASWUn9J/vxv9WbrypoWj1\nQCDj5VzrnChUisNwMe3sfFw6cpRmYsmhNOYTSz3E7WLSGijKd99XXiQCViCXmcaz\n46eTZwp3y9/+kM7NlYjYTpeo3GqAFyID8TwyRQ+RgXE7u0h+qqcJoI5LjcmVJilS\nTVbSzbAttoeCOvWQjXp5tar6Lp/0ldM2VwwYVsKFfoaYHKWjxiW25sIMw4Das56S\nqi/Sbl8cawPXPuN5QOqU+lji6qqI7u4njkuPaNMMkt05muKV9hnn5ZXDWfQok5il\nGU8AAAc40BUR89AVEfMAAAAHc3NoLXJzYQAAAgEAsl1g8xDz8dR3DhMN/9xYwR4+\nyLx9iXf40oYrVWcl3cCiAZQ85inqJF1EbbY+kwGQnthH1Ld5r9OA/z7YwPx+mdTw\nigomGSGTUT8nj0hjdOl3fDvpUi0rBM1kF8efm7cgl/R1OFbSaiwUjUWE37TTgoCb\nl2vHtXzhuaJCzGfaUq0877Ng/WFADTMXRJBwmpkVsFOfcuc/TQ7f7ye4ojGoYyrY\nYBc9/REQW+jNgcg0o1WOnj2nDX2Ig0r1+ANwl7emFz/dI71gW6Fy/xsbeCALZrG5\nYOTcNztRUsvmh37EiNLN4EmbA3aH2PnShp5wC00msSKlin/THThz7q7jSqJ+bub5\nhAJdSY3ElXD2OXRAhDn6UcofeF/rZhxLSKOfu49gdeumNCr6GCJOA1cdRBcASWUn\n9J/vxv9WbrypoWj1QCDj5VzrnChUisNwMe3sfFw6cpRmYsmhNOYTSz3E7WLSGijK\nd99XXiQCViCXmcaz46eTZwp3y9/+kM7NlYjYTpeo3GqAFyID8TwyRQ+RgXE7u0h+\nqqcJoI5LjcmVJilSTVbSzbAttoeCOvWQjXp5tar6Lp/0ldM2VwwYVsKFfoaYHKWj\nxiW25sIMw4Das56Sqi/Sbl8cawPXPuN5QOqU+lji6qqI7u4njkuPaNMMkt05muKV\n9hnn5ZXDWfQok5ilGU8AAAADAQABAAACACTt4oHQ88ERLWkzlsVv2Mx7N6KWLCPH\nPDRSZSx0g8mK9b//8i/xY7INwXo5rnD/dPL+crjfGAnIb7/pQjWK0aeGCBt8iHDR\nm8/JlKY85aKyJ/QH74H9Khf/cobd5PT3kH8FtTNp/nzPDZ5GU4GBzf0KJazPOvUf\nmxi1OMFbiz9s8N3sNNuhRAK3nkyq3zWTFoOAfNXsfRW2S7UXc0nZoDSQDWavyTzZ\nSJrO86W4TvW2ZCXtO+Y2JIqSfaTRCYHQG0pbBa09q3KtVcLt2N0hPVsQ1wHxwIqK\n9IaBAwTwwT5W7xtOAhNQekX5S5ZlvWsJmUY5ly660noNUyuK+DJevHBe51M0AqmD\nqvWuZI5Ht1RWWvPzmIRz+pB79L5LlHc0ObnDI+rrnxVOld+723ijIiWLUl0iC+KM\nogOoztgbP+HbdUsW6UMqSmg1bO8qDrQlzMLZljwNZzf4FO5AiWGSdlf4LsYbp1tG\n7DP7kDS37a13SjobTLnEwY7r/9DGpXJDfETPjZHqVMf5Av5xvjyAlc2iDPQjrmHQ\nrJrhkkX446wKBec1xGvx03CYwuy26iFo9g88w8P3YUmrWNZNqiM9kWmhZ0z8VcaS\nvxu8WsC046fQBSn8X+Mqk7EUqT3PN7NEQ9HVrvry3D/T7wcoBtex+Gnxg0YHVA30\n5WebTNJ0R1KxAAABAQCcLtq3Perrcx0qbrzRdQp33sUBjededSQaZO3cA9n4X0T2\nhE/58oG7kQ++P6/2nxBv0/FoM9zvNDDBkIvPSopTqyihke7so6I0t8ecmdNVTkl4\nzC/xz5vsE1XtIRH/GIqHN2NIH9A4svAxR2zWEyNsmf1HWvI2aEpO39mmOqzLhD/d\n5Mcd1kzOJ63aEF/BbBUw8kl8mW9Uzc6GDLZ1+rQ36LYepL9wXblYhFOwgDhqMtwS\nbyjJ8bG+QTT9uQ1zfLMnSEItAT/NyCi4JNIYz9txGvluTiIfxzTmubKYyEYv3hDv\n3hgdYvCgS/qjOoJOSzDziQDKKE3mUqE6p2fr3mxtAAABAQDBw5H0Tt/JlNo5/tfD\n2oR79P7fe0f3jky8ZKn05IRtuCGwngDTry6dRe5uRbTtYqgqvOTZaXBTVgWpiUVS\naRFg0waLlRdxG+ofvXYcmwSdVM4nWajkmnhkPoKY1Jfiw1VTdMyFrl9JH8eQpbVD\ngelcPXMlpvPLNEijUC/4Zg0msvkB6TdJY/tvUwfYWb7wNOZ5HxjSB9GfD6nO0u/x\nc/5Bpp/ZO5qEMkdjKaFRpF0gY3KKdoW29HPHXcF2FCVxlVQ2XxY92m5yMq7mOMIO\nGoeIqxhpQ8h8xhK3N6dPNX7lackW23RLn0lROS9YNM1cz2GtwdMIONUR5/eYJF1e\ncDEJAAABAQDrp5hzj5BESAGGDOVHKxPqonnw6kIrq3FvC+BjeirpavADm7KuD0uY\nGistV7D/alZ4W9i76+LIqwiriiVflIUFPyPAjxkD3XlOTjhzO7rJsL9EOI9WrFb7\nDPFxnCFuecWPJ+5ueuMUBc0loN/Zk95kK37a0de7hsPBB+tIEfGUm7NgsipaHJFg\nrE9Ld7ZzoCyi809VnEJgtU4ZtzihTSHdiUfwMjRYmcSqd0VTZjJt4kqa5cvUY9Pm\nLdhvZOXZ0HF7dRdgbEDo8OGK3qyALj2jYXt5yERzR10bI2LFqYFgNXR8XLMRVOut\n2sdzEeK6urWwa1K7w5rTmVeESdV/KwWXAAAAAAEC\n-----END OPENSSH PRIVATE KEY-----\n",
            "private_key_pem": "-----BEGIN RSA PRIVATE KEY-----\nMIIJKQIBAAKCAgEAsl1g8xDz8dR3DhMN/9xYwR4+yLx9iXf40oYrVWcl3cCiAZQ8\n5inqJF1EbbY+kwGQnthH1Ld5r9OA/z7YwPx+mdTwigomGSGTUT8nj0hjdOl3fDvp\nUi0rBM1kF8efm7cgl/R1OFbSaiwUjUWE37TTgoCbl2vHtXzhuaJCzGfaUq0877Ng\n/WFADTMXRJBwmpkVsFOfcuc/TQ7f7ye4ojGoYyrYYBc9/REQW+jNgcg0o1WOnj2n\nDX2Ig0r1+ANwl7emFz/dI71gW6Fy/xsbeCALZrG5YOTcNztRUsvmh37EiNLN4Emb\nA3aH2PnShp5wC00msSKlin/THThz7q7jSqJ+bub5hAJdSY3ElXD2OXRAhDn6Ucof\neF/rZhxLSKOfu49gdeumNCr6GCJOA1cdRBcASWUn9J/vxv9WbrypoWj1QCDj5Vzr\nnChUisNwMe3sfFw6cpRmYsmhNOYTSz3E7WLSGijKd99XXiQCViCXmcaz46eTZwp3\ny9/+kM7NlYjYTpeo3GqAFyID8TwyRQ+RgXE7u0h+qqcJoI5LjcmVJilSTVbSzbAt\ntoeCOvWQjXp5tar6Lp/0ldM2VwwYVsKFfoaYHKWjxiW25sIMw4Das56Sqi/Sbl8c\nawPXPuN5QOqU+lji6qqI7u4njkuPaNMMkt05muKV9hnn5ZXDWfQok5ilGU8CAwEA\nAQKCAgAk7eKB0PPBES1pM5bFb9jMezeiliwjxzw0UmUsdIPJivW///Iv8WOyDcF6\nOa5w/3Ty/nK43xgJyG+/6UI1itGnhggbfIhw0ZvPyZSmPOWisif0B++B/SoX/3KG\n3eT095B/BbUzaf58zw2eRlOBgc39CiWszzr1H5sYtTjBW4s/bPDd7DTboUQCt55M\nqt81kxaDgHzV7H0Vtku1F3NJ2aA0kA1mr8k82UiazvOluE71tmQl7TvmNiSKkn2k\n0QmB0BtKWwWtPatyrVXC7djdIT1bENcB8cCKivSGgQME8ME+Vu8bTgITUHpF+UuW\nZb1rCZlGOZcuutJ6DVMrivgyXrxwXudTNAKpg6r1rmSOR7dUVlrz85iEc/qQe/S+\nS5R3NDm5wyPq658VTpXfu9t4oyIli1JdIgvijKIDqM7YGz/h23VLFulDKkpoNWzv\nKg60JczC2ZY8DWc3+BTuQIlhknZX+C7GG6dbRuwz+5A0t+2td0o6G0y5xMGO6//Q\nxqVyQ3xEz42R6lTH+QL+cb48gJXNogz0I65h0Kya4ZJF+OOsCgXnNcRr8dNwmMLs\ntuohaPYPPMPD92FJq1jWTaojPZFpoWdM/FXGkr8bvFrAtOOn0AUp/F/jKpOxFKk9\nzzezREPR1a768tw/0+8HKAbXsfhp8YNGB1QN9OVnm0zSdEdSsQKCAQEAwcOR9E7f\nyZTaOf7Xw9qEe/T+33tH945MvGSp9OSEbbghsJ4A068unUXubkW07WKoKrzk2Wlw\nU1YFqYlFUmkRYNMGi5UXcRvqH712HJsEnVTOJ1mo5Jp4ZD6CmNSX4sNVU3TMha5f\nSR/HkKW1Q4HpXD1zJabzyzRIo1Av+GYNJrL5Aek3SWP7b1MH2Fm+8DTmeR8Y0gfR\nnw+pztLv8XP+Qaaf2TuahDJHYymhUaRdIGNyinaFtvRzx13BdhQlcZVUNl8WPdpu\ncjKu5jjCDhqHiKsYaUPIfMYStzenTzV+5WnJFtt0S59JUTkvWDTNXM9hrcHTCDjV\nEef3mCRdXnAxCQKCAQEA66eYc4+QREgBhgzlRysT6qJ58OpCK6txbwvgY3oq6Wrw\nA5uyrg9LmBorLVew/2pWeFvYu+viyKsIq4olX5SFBT8jwI8ZA915Tk44czu6ybC/\nRDiPVqxW+wzxcZwhbnnFjyfubnrjFAXNJaDf2ZPeZCt+2tHXu4bDwQfrSBHxlJuz\nYLIqWhyRYKxPS3e2c6AsovNPVZxCYLVOGbc4oU0h3YlH8DI0WJnEqndFU2YybeJK\nmuXL1GPT5i3Yb2Tl2dBxe3UXYGxA6PDhit6sgC49o2F7echEc0ddGyNixamBYDV0\nfFyzEVTrrdrHcxHiurq1sGtSu8Oa05lXhEnVfysFlwKCAQBR02EjpttiqXWu4CwG\nDZW9My0e+1Tc+j71oB0VyhsSqpuvlkoLGwO4bvvNnapWRT93LOYH2jsRNlaVzd50\neuJX3UX6VC/eGEe6t6vVULGWL2YPwBFO2NzWmH9WQxERNiQmZkCog4bBvqXsM85k\nf8woo9qon+R8f8vdC9P2NkJ/gT0ezXoHiC16SboaZ2v2zKA3riYxLBQd8+Nl8DZb\n5PwOhWsjtcP+56y197KkY6DgOJ76UisNpBXwr2svjjpxyPoTK/ycik3x8+1gU7+/\nbPynfnmEmpdj+dGVhe8lyBWalB3ThUGLXez8XAXeXg4Lj5hUZHHWGwn/0dIBcfns\nE7zhAoIBAQDVl1V1wLUJPp6q6rtR0zi9HcEa3KlXPZCWDxS19YA5iuS60H+WhmSF\nG4rxER9rke2IL+90/OvT6Dn2iUMwq8QZqk30dX894prVn85Im+XEc4AZDI7XB2Pb\nLrMUv2gJ4zNuesoAtz9k4ZE8vuDGK+GRt17GZRZ9cTuylUPrUeA+SxW92h7LCEO4\ndNV2WK41hQOQOqo4tWXwk8STSF96zBea3ZgnnMmXWOBJhct/OQ0STd5DIW+rNURV\nyE35QWGYF/cT6GBk1BnNSK+VGBkQIVla4btx+VQZjKBWPa+D6wxJsInBQqBHYEox\njS/kG1z+1MZjfhNB/pwxmDYbwHRTTCJHAoIBAQCcLtq3Perrcx0qbrzRdQp33sUB\njededSQaZO3cA9n4X0T2hE/58oG7kQ++P6/2nxBv0/FoM9zvNDDBkIvPSopTqyih\nke7so6I0t8ecmdNVTkl4zC/xz5vsE1XtIRH/GIqHN2NIH9A4svAxR2zWEyNsmf1H\nWvI2aEpO39mmOqzLhD/d5Mcd1kzOJ63aEF/BbBUw8kl8mW9Uzc6GDLZ1+rQ36LYe\npL9wXblYhFOwgDhqMtwSbyjJ8bG+QTT9uQ1zfLMnSEItAT/NyCi4JNIYz9txGvlu\nTiIfxzTmubKYyEYv3hDv3hgdYvCgS/qjOoJOSzDziQDKKE3mUqE6p2fr3mxt\n-----END RSA PRIVATE KEY-----\n",
            "private_key_pem_pkcs8": "-----BEGIN PRIVATE KEY-----\nMIIJQwIBADANBgkqhkiG9w0BAQEFAASCCS0wggkpAgEAAoICAQCyXWDzEPPx1HcO\nEw3/3FjBHj7IvH2Jd/jShitVZyXdwKIBlDzmKeokXURttj6TAZCe2EfUt3mv04D/\nPtjA/H6Z1PCKCiYZIZNRPyePSGN06Xd8O+lSLSsEzWQXx5+btyCX9HU4VtJqLBSN\nRYTftNOCgJuXa8e1fOG5okLMZ9pSrTzvs2D9YUANMxdEkHCamRWwU59y5z9NDt/v\nJ7iiMahjKthgFz39ERBb6M2ByDSjVY6ePacNfYiDSvX4A3CXt6YXP90jvWBboXL/\nGxt4IAtmsblg5Nw3O1FSy+aHfsSI0s3gSZsDdofY+dKGnnALTSaxIqWKf9MdOHPu\nruNKon5u5vmEAl1JjcSVcPY5dECEOfpRyh94X+tmHEtIo5+7j2B166Y0KvoYIk4D\nVx1EFwBJZSf0n+/G/1ZuvKmhaPVAIOPlXOucKFSKw3Ax7ex8XDpylGZiyaE05hNL\nPcTtYtIaKMp331deJAJWIJeZxrPjp5NnCnfL3/6Qzs2ViNhOl6jcaoAXIgPxPDJF\nD5GBcTu7SH6qpwmgjkuNyZUmKVJNVtLNsC22h4I69ZCNenm1qvoun/SV0zZXDBhW\nwoV+hpgcpaPGJbbmwgzDgNqznpKqL9JuXxxrA9c+43lA6pT6WOLqqoju7ieOS49o\n0wyS3Tma4pX2GefllcNZ9CiTmKUZTwIDAQABAoICACTt4oHQ88ERLWkzlsVv2Mx7\nN6KWLCPHPDRSZSx0g8mK9b//8i/xY7INwXo5rnD/dPL+crjfGAnIb7/pQjWK0aeG\nCBt8iHDRm8/JlKY85aKyJ/QH74H9Khf/cobd5PT3kH8FtTNp/nzPDZ5GU4GBzf0K\nJazPOvUfmxi1OMFbiz9s8N3sNNuhRAK3nkyq3zWTFoOAfNXsfRW2S7UXc0nZoDSQ\nDWavyTzZSJrO86W4TvW2ZCXtO+Y2JIqSfaTRCYHQG0pbBa09q3KtVcLt2N0hPVsQ\n1wHxwIqK9IaBAwTwwT5W7xtOAhNQekX5S5ZlvWsJmUY5ly660noNUyuK+DJevHBe\n51M0AqmDqvWuZI5Ht1RWWvPzmIRz+pB79L5LlHc0ObnDI+rrnxVOld+723ijIiWL\nUl0iC+KMogOoztgbP+HbdUsW6UMqSmg1bO8qDrQlzMLZljwNZzf4FO5AiWGSdlf4\nLsYbp1tG7DP7kDS37a13SjobTLnEwY7r/9DGpXJDfETPjZHqVMf5Av5xvjyAlc2i\nDPQjrmHQrJrhkkX446wKBec1xGvx03CYwuy26iFo9g88w8P3YUmrWNZNqiM9kWmh\nZ0z8VcaSvxu8WsC046fQBSn8X+Mqk7EUqT3PN7NEQ9HVrvry3D/T7wcoBtex+Gnx\ng0YHVA305WebTNJ0R1KxAoIBAQDBw5H0Tt/JlNo5/tfD2oR79P7fe0f3jky8ZKn0\n5IRtuCGwngDTry6dRe5uRbTtYqgqvOTZaXBTVgWpiUVSaRFg0waLlRdxG+ofvXYc\nmwSdVM4nWajkmnhkPoKY1Jfiw1VTdMyFrl9JH8eQpbVDgelcPXMlpvPLNEijUC/4\nZg0msvkB6TdJY/tvUwfYWb7wNOZ5HxjSB9GfD6nO0u/xc/5Bpp/ZO5qEMkdjKaFR\npF0gY3KKdoW29HPHXcF2FCVxlVQ2XxY92m5yMq7mOMIOGoeIqxhpQ8h8xhK3N6dP\nNX7lackW23RLn0lROS9YNM1cz2GtwdMIONUR5/eYJF1ecDEJAoIBAQDrp5hzj5BE\nSAGGDOVHKxPqonnw6kIrq3FvC+BjeirpavADm7KuD0uYGistV7D/alZ4W9i76+LI\nqwiriiVflIUFPyPAjxkD3XlOTjhzO7rJsL9EOI9WrFb7DPFxnCFuecWPJ+5ueuMU\nBc0loN/Zk95kK37a0de7hsPBB+tIEfGUm7NgsipaHJFgrE9Ld7ZzoCyi809VnEJg\ntU4ZtzihTSHdiUfwMjRYmcSqd0VTZjJt4kqa5cvUY9PmLdhvZOXZ0HF7dRdgbEDo\n8OGK3qyALj2jYXt5yERzR10bI2LFqYFgNXR8XLMRVOut2sdzEeK6urWwa1K7w5rT\nmVeESdV/KwWXAoIBAFHTYSOm22Kpda7gLAYNlb0zLR77VNz6PvWgHRXKGxKqm6+W\nSgsbA7hu+82dqlZFP3cs5gfaOxE2VpXN3nR64lfdRfpUL94YR7q3q9VQsZYvZg/A\nEU7Y3NaYf1ZDERE2JCZmQKiDhsG+pewzzmR/zCij2qif5Hx/y90L0/Y2Qn+BPR7N\negeILXpJuhpna/bMoDeuJjEsFB3z42XwNlvk/A6FayO1w/7nrLX3sqRjoOA4nvpS\nKw2kFfCvay+OOnHI+hMr/JyKTfHz7WBTv79s/Kd+eYSal2P50ZWF7yXIFZqUHdOF\nQYtd7PxcBd5eDguPmFRkcdYbCf/R0gFx+ewTvOECggEBANWXVXXAtQk+nqrqu1HT\nOL0dwRrcqVc9kJYPFLX1gDmK5LrQf5aGZIUbivERH2uR7Ygv73T869PoOfaJQzCr\nxBmqTfR1fz3imtWfzkib5cRzgBkMjtcHY9susxS/aAnjM256ygC3P2ThkTy+4MYr\n4ZG3XsZlFn1xO7KVQ+tR4D5LFb3aHssIQ7h01XZYrjWFA5A6qji1ZfCTxJNIX3rM\nF5rdmCecyZdY4EmFy385DRJN3kMhb6s1RFXITflBYZgX9xPoYGTUGc1Ir5UYGRAh\nWVrhu3H5VBmMoFY9r4PrDEmwicFCoEdgSjGNL+QbXP7UxmN+E0H+nDGYNhvAdFNM\nIkcCggEBAJwu2rc96utzHSpuvNF1CnfexQGN5151JBpk7dwD2fhfRPaET/nygbuR\nD74/r/afEG/T8Wgz3O80MMGQi89KilOrKKGR7uyjojS3x5yZ01VOSXjML/HPm+wT\nVe0hEf8Yioc3Y0gf0Diy8DFHbNYTI2yZ/Uda8jZoSk7f2aY6rMuEP93kxx3WTM4n\nrdoQX8FsFTDySXyZb1TNzoYMtnX6tDfoth6kv3BduViEU7CAOGoy3BJvKMnxsb5B\nNP25DXN8sydIQi0BP83IKLgk0hjP23Ea+W5OIh/HNOa5spjIRi/eEO/eGB1i8KBL\n+qM6gk5LMPOJAMooTeZSoTqnZ+vebG0=\n-----END PRIVATE KEY-----\n",
            "public_key_fingerprint_md5": "89:43:fc:10:9c:a3:37:88:f0:42:1b:a9:68:5a:c6:ea",
            "public_key_fingerprint_sha256": "SHA256:k6BnuSD8E55B0YA1xws0RbznXlz06pFOhlq5F7q74kA",
            "public_key_openssh": "ssh-rsa AAAAB3NzaC1yc2EAAAADAQABAAACAQCyXWDzEPPx1HcOEw3/3FjBHj7IvH2Jd/jShitVZyXdwKIBlDzmKeokXURttj6TAZCe2EfUt3mv04D/PtjA/H6Z1PCKCiYZIZNRPyePSGN06Xd8O+lSLSsEzWQXx5+btyCX9HU4VtJqLBSNRYTftNOCgJuXa8e1fOG5okLMZ9pSrTzvs2D9YUANMxdEkHCamRWwU59y5z9NDt/vJ7iiMahjKthgFz39ERBb6M2ByDSjVY6ePacNfYiDSvX4A3CXt6YXP90jvWBboXL/Gxt4IAtmsblg5Nw3O1FSy+aHfsSI0s3gSZsDdofY+dKGnnALTSaxIqWKf9MdOHPuruNKon5u5vmEAl1JjcSVcPY5dECEOfpRyh94X+tmHEtIo5+7j2B166Y0KvoYIk4DVx1EFwBJZSf0n+/G/1ZuvKmhaPVAIOPlXOucKFSKw3Ax7ex8XDpylGZiyaE05hNLPcTtYtIaKMp331deJAJWIJeZxrPjp5NnCnfL3/6Qzs2ViNhOl6jcaoAXIgPxPDJFD5GBcTu7SH6qpwmgjkuNyZUmKVJNVtLNsC22h4I69ZCNenm1qvoun/SV0zZXDBhWwoV+hpgcpaPGJbbmwgzDgNqznpKqL9JuXxxrA9c+43lA6pT6WOLqqoju7ieOS49o0wyS3Tma4pX2GefllcNZ9CiTmKUZTw==\n",
            "public_key_pem": "-----BEGIN PUBLIC KEY-----\nMIICIjANBgkqhkiG9w0BAQEFAAOCAg8AMIICCgKCAgEAsl1g8xDz8dR3DhMN/9xY\nwR4+yLx9iXf40oYrVWcl3cCiAZQ85inqJF1EbbY+kwGQnthH1Ld5r9OA/z7YwPx+\nmdTwigomGSGTUT8nj0hjdOl3fDvpUi0rBM1kF8efm7cgl/R1OFbSaiwUjUWE37TT\ngoCbl2vHtXzhuaJCzGfaUq0877Ng/WFADTMXRJBwmpkVsFOfcuc/TQ7f7ye4ojGo\nYyrYYBc9/REQW+jNgcg0o1WOnj2nDX2Ig0r1+ANwl7emFz/dI71gW6Fy/xsbeCAL\nZrG5YOTcNztRUsvmh37EiNLN4EmbA3aH2PnShp5wC00msSKlin/THThz7q7jSqJ+\nbub5hAJdSY3ElXD2OXRAhDn6UcofeF/rZhxLSKOfu49gdeumNCr6GCJOA1cdRBcA\nSWUn9J/vxv9WbrypoWj1QCDj5VzrnChUisNwMe3sfFw6cpRmYsmhNOYTSz3E7WLS\nGijKd99XXiQCViCXmcaz46eTZwp3y9/+kM7NlYjYTpeo3GqAFyID8TwyRQ+RgXE7\nu0h+qqcJoI5LjcmVJilSTVbSzbAttoeCOvWQjXp5tar6Lp/0ldM2VwwYVsKFfoaY\nHKWjxiW25sIMw4Das56Sqi/Sbl8cawPXPuN5QOqU+lji6qqI7u4njkuPaNMMkt05\nmuKV9hnn5ZXDWfQok5ilGU8CAwEAAQ==\n-----END PUBLIC KEY-----\n",
            "rsa_bits": 4096
          },
          "sensitive_attributes": []
        }
      ]
    },
    {
      "module": "module.load_balancer",
      "mode": "managed",
      "type": "aws_lb",
      "name": "my_load_balancer",
      "provider": "provider[\"registry.terraform.io/hashicorp/aws\"]",
      "instances": [
        {
          "schema_version": 0,
          "attributes": {
            "access_logs": [
              {
                "bucket": "",
                "enabled": false,
                "prefix": ""
              }
            ],
            "arn": "arn:aws:elasticloadbalancing:us-east-1:378331682224:loadbalancer/app/ha-lb/29748f7fb53a6040",
            "arn_suffix": "app/ha-lb/29748f7fb53a6040",
            "connection_logs": [
              {
                "bucket": "",
                "enabled": false,
                "prefix": ""
              }
            ],
            "customer_owned_ipv4_pool": "",
            "desync_mitigation_mode": "defensive",
            "dns_name": "ha-lb-449933725.us-east-1.elb.amazonaws.com",
            "dns_record_client_routing_policy": null,
            "drop_invalid_header_fields": false,
            "enable_cross_zone_load_balancing": true,
            "enable_deletion_protection": false,
            "enable_http2": true,
            "enable_tls_version_and_cipher_suite_headers": false,
            "enable_waf_fail_open": false,
            "enable_xff_client_port": false,
            "enforce_security_group_inbound_rules_on_private_link_traffic": "",
            "id": "arn:aws:elasticloadbalancing:us-east-1:378331682224:loadbalancer/app/ha-lb/29748f7fb53a6040",
            "idle_timeout": 60,
            "internal": false,
            "ip_address_type": "ipv4",
            "load_balancer_type": "application",
            "name": "ha-lb",
            "name_prefix": "",
            "preserve_host_header": false,
            "security_groups": [
              "sg-056ddba920f9f4a1c"
            ],
            "subnet_mapping": [
              {
                "allocation_id": "",
                "ipv6_address": "",
                "outpost_id": "",
                "private_ipv4_address": "",
                "subnet_id": "subnet-0a911acd23cf0270c"
              },
              {
                "allocation_id": "",
                "ipv6_address": "",
                "outpost_id": "",
                "private_ipv4_address": "",
                "subnet_id": "subnet-0ce86f26a5845d49d"
              }
            ],
            "subnets": [
              "subnet-0a911acd23cf0270c",
              "subnet-0ce86f26a5845d49d"
            ],
            "tags": null,
            "tags_all": {},
            "timeouts": null,
            "vpc_id": "vpc-0f71264ff3b6d914d",
            "xff_header_processing_mode": "append",
            "zone_id": "Z35SXDOTRQ7X7K"
          },
          "sensitive_attributes": [],
          "private": "eyJlMmJmYjczMC1lY2FhLTExZTYtOGY4OC0zNDM2M2JjN2M0YzAiOnsiY3JlYXRlIjo2MDAwMDAwMDAwMDAsImRlbGV0ZSI6NjAwMDAwMDAwMDAwLCJ1cGRhdGUiOjYwMDAwMDAwMDAwMH19",
          "dependencies": [
            "module.sec_groups.aws_security_group.web_security_group",
            "module.subnet.aws_subnet.private_subnets"
          ]
        }
      ]
    },
    {
      "module": "module.load_balancer",
      "mode": "managed",
      "type": "aws_lb_listener",
      "name": "my_listener_http",
      "provider": "provider[\"registry.terraform.io/hashicorp/aws\"]",
      "instances": [
        {
          "schema_version": 0,
          "attributes": {
            "alpn_policy": null,
            "arn": "arn:aws:elasticloadbalancing:us-east-1:378331682224:listener/app/ha-lb/29748f7fb53a6040/2c15fbdf0a729db6",
            "certificate_arn": null,
            "default_action": [
              {
                "authenticate_cognito": [],
                "authenticate_oidc": [],
                "fixed_response": [],
                "forward": [],
                "order": 1,
                "redirect": [],
                "target_group_arn": "arn:aws:elasticloadbalancing:us-east-1:378331682224:targetgroup/ha-tg/68d0920462a24828",
                "type": "forward"
              }
            ],
            "id": "arn:aws:elasticloadbalancing:us-east-1:378331682224:listener/app/ha-lb/29748f7fb53a6040/2c15fbdf0a729db6",
            "load_balancer_arn": "arn:aws:elasticloadbalancing:us-east-1:378331682224:loadbalancer/app/ha-lb/29748f7fb53a6040",
            "mutual_authentication": [],
            "port": 80,
            "protocol": "HTTP",
            "ssl_policy": "",
            "tags": null,
            "tags_all": {},
            "timeouts": null
          },
          "sensitive_attributes": [],
          "private": "eyJlMmJmYjczMC1lY2FhLTExZTYtOGY4OC0zNDM2M2JjN2M0YzAiOnsiY3JlYXRlIjozMDAwMDAwMDAwMDAsInVwZGF0ZSI6MzAwMDAwMDAwMDAwfX0=",
          "dependencies": [
            "module.load_balancer.aws_lb.my_load_balancer",
            "module.sec_groups.aws_security_group.web_security_group",
            "module.subnet.aws_subnet.private_subnets",
            "module.target_group.aws_lb_target_group.my_target_group"
          ]
        }
      ]
    },
    {
      "module": "module.load_balancer",
      "mode": "managed",
      "type": "aws_lb_target_group_attachment",
      "name": "my_attachment",
      "provider": "provider[\"registry.terraform.io/hashicorp/aws\"]",
      "instances": [
        {
          "index_key": 0,
          "schema_version": 0,
          "attributes": {
            "availability_zone": null,
            "id": "arn:aws:elasticloadbalancing:us-east-1:378331682224:targetgroup/ha-tg/68d0920462a24828-20240226194005384200000008",
            "port": 80,
            "target_group_arn": "arn:aws:elasticloadbalancing:us-east-1:378331682224:targetgroup/ha-tg/68d0920462a24828",
            "target_id": "i-05aed3793e2ca4bae"
          },
          "sensitive_attributes": [],
          "private": "bnVsbA==",
          "dependencies": [
            "module.ami_image.data.aws_ami.images",
            "module.instance_launch.aws_instance.haProxy_instance",
            "module.sec_groups.aws_security_group.ha_security_group",
            "module.subnet.aws_subnet.private_subnets",
            "module.target_group.aws_lb_target_group.my_target_group"
          ]
        },
        {
          "index_key": 1,
          "schema_version": 0,
          "attributes": {
            "availability_zone": null,
            "id": "arn:aws:elasticloadbalancing:us-east-1:378331682224:targetgroup/ha-tg/68d0920462a24828-20240226194005499100000009",
            "port": 80,
            "target_group_arn": "arn:aws:elasticloadbalancing:us-east-1:378331682224:targetgroup/ha-tg/68d0920462a24828",
            "target_id": "i-0a09e60996de43d4f"
          },
          "sensitive_attributes": [],
          "private": "bnVsbA==",
          "dependencies": [
            "module.ami_image.data.aws_ami.images",
            "module.instance_launch.aws_instance.haProxy_instance",
            "module.sec_groups.aws_security_group.ha_security_group",
            "module.subnet.aws_subnet.private_subnets",
            "module.target_group.aws_lb_target_group.my_target_group"
          ]
        }
      ]
    },
    {
      "module": "module.nat",
      "mode": "managed",
      "type": "aws_eip",
      "name": "nat_eip",
      "provider": "provider[\"registry.terraform.io/hashicorp/aws\"]",
      "instances": [
        {
          "schema_version": 0,
          "attributes": {
            "address": null,
            "allocation_id": "eipalloc-05e9d7259047de5b1",
            "associate_with_private_ip": null,
            "association_id": "",
            "carrier_ip": "",
            "customer_owned_ip": "",
            "customer_owned_ipv4_pool": "",
            "domain": "vpc",
            "id": "eipalloc-05e9d7259047de5b1",
            "instance": "",
            "network_border_group": "us-east-1",
            "network_interface": "",
            "private_dns": null,
            "private_ip": "",
            "public_dns": "ec2-54-164-186-108.compute-1.amazonaws.com",
            "public_ip": "54.164.186.108",
            "public_ipv4_pool": "amazon",
            "tags": null,
            "tags_all": {},
            "timeouts": null,
            "vpc": true
          },
          "sensitive_attributes": [],
          "private": "eyJlMmJmYjczMC1lY2FhLTExZTYtOGY4OC0zNDM2M2JjN2M0YzAiOnsiZGVsZXRlIjoxODAwMDAwMDAwMDAsInJlYWQiOjkwMDAwMDAwMDAwMCwidXBkYXRlIjozMDAwMDAwMDAwMDB9fQ=="
        }
      ]
    },
    {
      "module": "module.nat",
      "mode": "managed",
      "type": "aws_nat_gateway",
      "name": "mynat",
      "provider": "provider[\"registry.terraform.io/hashicorp/aws\"]",
      "instances": [
        {
          "schema_version": 0,
          "attributes": {
            "allocation_id": "eipalloc-05e9d7259047de5b1",
            "association_id": "eipassoc-027833231a36aba75",
            "connectivity_type": "public",
            "id": "nat-0ac6188f8b31bd2d6",
            "network_interface_id": "eni-0b736508f79672e20",
            "private_ip": "10.0.1.120",
            "public_ip": "54.164.186.108",
            "secondary_allocation_ids": null,
            "secondary_private_ip_address_count": 0,
            "secondary_private_ip_addresses": [],
            "subnet_id": "subnet-001374406fa7b86c3",
            "tags": {
              "Name": "ha-nat"
            },
            "tags_all": {
              "Name": "ha-nat"
            },
            "timeouts": null
          },
          "sensitive_attributes": [],
          "private": "eyJlMmJmYjczMC1lY2FhLTExZTYtOGY4OC0zNDM2M2JjN2M0YzAiOnsiY3JlYXRlIjo2MDAwMDAwMDAwMDAsImRlbGV0ZSI6MTgwMDAwMDAwMDAwMCwidXBkYXRlIjo2MDAwMDAwMDAwMDB9fQ==",
          "dependencies": [
            "module.nat.aws_eip.nat_eip",
            "module.subnet.aws_subnet.public_subnets"
          ]
        }
      ]
    },
    {
      "module": "module.route_table",
      "mode": "managed",
      "type": "aws_route_table",
      "name": "private_route_table",
      "provider": "provider[\"registry.terraform.io/hashicorp/aws\"]",
      "instances": [
        {
          "schema_version": 0,
          "attributes": {
            "arn": "arn:aws:ec2:us-east-1:378331682224:route-table/rtb-0b610a22fdfa1ef8d",
            "id": "rtb-0b610a22fdfa1ef8d",
            "owner_id": "378331682224",
            "propagating_vgws": [],
            "route": [
              {
                "carrier_gateway_id": "",
                "cidr_block": "0.0.0.0/0",
                "core_network_arn": "",
                "destination_prefix_list_id": "",
                "egress_only_gateway_id": "",
                "gateway_id": "nat-0ac6188f8b31bd2d6",
                "ipv6_cidr_block": "",
                "local_gateway_id": "",
                "nat_gateway_id": "",
                "network_interface_id": "",
                "transit_gateway_id": "",
                "vpc_endpoint_id": "",
                "vpc_peering_connection_id": ""
              }
            ],
            "tags": {
              "Name": "ha-private-route"
            },
            "tags_all": {
              "Name": "ha-private-route"
            },
            "timeouts": null,
            "vpc_id": "vpc-0f71264ff3b6d914d"
          },
          "sensitive_attributes": [],
          "private": "eyJlMmJmYjczMC1lY2FhLTExZTYtOGY4OC0zNDM2M2JjN2M0YzAiOnsiY3JlYXRlIjozMDAwMDAwMDAwMDAsImRlbGV0ZSI6MzAwMDAwMDAwMDAwLCJ1cGRhdGUiOjEyMDAwMDAwMDAwMH19",
          "dependencies": [
            "module.nat.aws_eip.nat_eip",
            "module.nat.aws_nat_gateway.mynat",
            "module.subnet.aws_subnet.public_subnets"
          ]
        }
      ]
    },
    {
      "module": "module.route_table",
      "mode": "managed",
      "type": "aws_route_table",
      "name": "public_route_table",
      "provider": "provider[\"registry.terraform.io/hashicorp/aws\"]",
      "instances": [
        {
          "schema_version": 0,
          "attributes": {
            "arn": "arn:aws:ec2:us-east-1:378331682224:route-table/rtb-0de432dc92dff4efb",
            "id": "rtb-0de432dc92dff4efb",
            "owner_id": "378331682224",
            "propagating_vgws": [],
            "route": [
              {
                "carrier_gateway_id": "",
                "cidr_block": "0.0.0.0/0",
                "core_network_arn": "",
                "destination_prefix_list_id": "",
                "egress_only_gateway_id": "",
                "gateway_id": "igw-007bfdcfaa1416337",
                "ipv6_cidr_block": "",
                "local_gateway_id": "",
                "nat_gateway_id": "",
                "network_interface_id": "",
                "transit_gateway_id": "",
                "vpc_endpoint_id": "",
                "vpc_peering_connection_id": ""
              }
            ],
            "tags": {
              "Name": "ha-public-route"
            },
            "tags_all": {
              "Name": "ha-public-route"
            },
            "timeouts": null,
            "vpc_id": "vpc-0f71264ff3b6d914d"
          },
          "sensitive_attributes": [],
          "private": "eyJlMmJmYjczMC1lY2FhLTExZTYtOGY4OC0zNDM2M2JjN2M0YzAiOnsiY3JlYXRlIjozMDAwMDAwMDAwMDAsImRlbGV0ZSI6MzAwMDAwMDAwMDAwLCJ1cGRhdGUiOjEyMDAwMDAwMDAwMH19"
        }
      ]
    },
    {
      "module": "module.route_table",
      "mode": "managed",
      "type": "aws_route_table_association",
      "name": "private_subnet_association",
      "provider": "provider[\"registry.terraform.io/hashicorp/aws\"]",
      "instances": [
        {
          "index_key": 0,
          "schema_version": 0,
          "attributes": {
            "gateway_id": "",
            "id": "rtbassoc-0fd4e46756fbfc15f",
            "route_table_id": "rtb-0b610a22fdfa1ef8d",
            "subnet_id": "subnet-0a911acd23cf0270c",
            "timeouts": null
          },
          "sensitive_attributes": [],
          "private": "eyJlMmJmYjczMC1lY2FhLTExZTYtOGY4OC0zNDM2M2JjN2M0YzAiOnsiY3JlYXRlIjozMDAwMDAwMDAwMDAsImRlbGV0ZSI6MzAwMDAwMDAwMDAwLCJ1cGRhdGUiOjEyMDAwMDAwMDAwMH19",
          "dependencies": [
            "module.nat.aws_eip.nat_eip",
            "module.nat.aws_nat_gateway.mynat",
            "module.route_table.aws_route_table.private_route_table",
            "module.subnet.aws_subnet.private_subnets",
            "module.subnet.aws_subnet.public_subnets"
          ]
        },
        {
          "index_key": 1,
          "schema_version": 0,
          "attributes": {
            "gateway_id": "",
            "id": "rtbassoc-0327fda4354aba394",
            "route_table_id": "rtb-0b610a22fdfa1ef8d",
            "subnet_id": "subnet-0ce86f26a5845d49d",
            "timeouts": null
          },
          "sensitive_attributes": [],
          "private": "eyJlMmJmYjczMC1lY2FhLTExZTYtOGY4OC0zNDM2M2JjN2M0YzAiOnsiY3JlYXRlIjozMDAwMDAwMDAwMDAsImRlbGV0ZSI6MzAwMDAwMDAwMDAwLCJ1cGRhdGUiOjEyMDAwMDAwMDAwMH19",
          "dependencies": [
            "module.nat.aws_eip.nat_eip",
            "module.nat.aws_nat_gateway.mynat",
            "module.route_table.aws_route_table.private_route_table",
            "module.subnet.aws_subnet.private_subnets",
            "module.subnet.aws_subnet.public_subnets"
          ]
        }
      ]
    },
    {
      "module": "module.route_table",
      "mode": "managed",
      "type": "aws_route_table_association",
      "name": "public_subnet_association",
      "provider": "provider[\"registry.terraform.io/hashicorp/aws\"]",
      "instances": [
        {
          "schema_version": 0,
          "attributes": {
            "gateway_id": "",
            "id": "rtbassoc-0d834576b6c12be53",
            "route_table_id": "rtb-0de432dc92dff4efb",
            "subnet_id": "subnet-001374406fa7b86c3",
            "timeouts": null
          },
          "sensitive_attributes": [],
          "private": "eyJlMmJmYjczMC1lY2FhLTExZTYtOGY4OC0zNDM2M2JjN2M0YzAiOnsiY3JlYXRlIjozMDAwMDAwMDAwMDAsImRlbGV0ZSI6MzAwMDAwMDAwMDAwLCJ1cGRhdGUiOjEyMDAwMDAwMDAwMH19",
          "dependencies": [
            "module.route_table.aws_route_table.public_route_table",
            "module.subnet.aws_subnet.public_subnets"
          ]
        }
      ]
    },
    {
      "module": "module.sec_groups",
      "mode": "managed",
      "type": "aws_security_group",
      "name": "bastion_security_group",
      "provider": "provider[\"registry.terraform.io/hashicorp/aws\"]",
      "instances": [
        {
          "schema_version": 1,
          "attributes": {
            "arn": "arn:aws:ec2:us-east-1:378331682224:security-group/sg-0fdbef9bd23e89094",
            "description": "Managed by Terraform",
            "egress": [
              {
                "cidr_blocks": [
                  "0.0.0.0/0"
                ],
                "description": "",
                "from_port": 0,
                "ipv6_cidr_blocks": [],
                "prefix_list_ids": [],
                "protocol": "-1",
                "security_groups": [],
                "self": false,
                "to_port": 0
              }
            ],
            "id": "sg-0fdbef9bd23e89094",
            "ingress": [
              {
                "cidr_blocks": [
                  "0.0.0.0/0"
                ],
                "description": "",
                "from_port": 22,
                "ipv6_cidr_blocks": [],
                "prefix_list_ids": [],
                "protocol": "tcp",
                "security_groups": [],
                "self": false,
                "to_port": 22
              }
            ],
            "name": "bastion-sg",
            "name_prefix": "",
            "owner_id": "378331682224",
            "revoke_rules_on_delete": false,
            "tags": null,
            "tags_all": {},
            "timeouts": null,
            "vpc_id": "vpc-0f71264ff3b6d914d"
          },
          "sensitive_attributes": [],
          "private": "eyJlMmJmYjczMC1lY2FhLTExZTYtOGY4OC0zNDM2M2JjN2M0YzAiOnsiY3JlYXRlIjo2MDAwMDAwMDAwMDAsImRlbGV0ZSI6OTAwMDAwMDAwMDAwfSwic2NoZW1hX3ZlcnNpb24iOiIxIn0="
        }
      ]
    },
    {
      "module": "module.sec_groups",
      "mode": "managed",
      "type": "aws_security_group",
      "name": "ha_security_group",
      "provider": "provider[\"registry.terraform.io/hashicorp/aws\"]",
      "instances": [
        {
          "schema_version": 1,
          "attributes": {
            "arn": "arn:aws:ec2:us-east-1:378331682224:security-group/sg-0540f04da4d97f738",
            "description": "Managed by Terraform",
            "egress": [
              {
                "cidr_blocks": [
                  "0.0.0.0/0"
                ],
                "description": "",
                "from_port": 0,
                "ipv6_cidr_blocks": [],
                "prefix_list_ids": [],
                "protocol": "-1",
                "security_groups": [],
                "self": false,
                "to_port": 0
              }
            ],
            "id": "sg-0540f04da4d97f738",
            "ingress": [
              {
                "cidr_blocks": [
                  "0.0.0.0/0"
                ],
                "description": "",
                "from_port": 22,
                "ipv6_cidr_blocks": [],
                "prefix_list_ids": [],
                "protocol": "tcp",
                "security_groups": [],
                "self": false,
                "to_port": 22
              },
              {
                "cidr_blocks": [
                  "0.0.0.0/0"
                ],
                "description": "",
                "from_port": 443,
                "ipv6_cidr_blocks": [],
                "prefix_list_ids": [],
                "protocol": "tcp",
                "security_groups": [],
                "self": false,
                "to_port": 443
              },
              {
                "cidr_blocks": [
                  "0.0.0.0/0"
                ],
                "description": "",
                "from_port": 80,
                "ipv6_cidr_blocks": [],
                "prefix_list_ids": [],
                "protocol": "tcp",
                "security_groups": [],
                "self": false,
                "to_port": 80
              }
            ],
            "name": "ha-sg",
            "name_prefix": "",
            "owner_id": "378331682224",
            "revoke_rules_on_delete": false,
            "tags": null,
            "tags_all": {},
            "timeouts": null,
            "vpc_id": "vpc-0f71264ff3b6d914d"
          },
          "sensitive_attributes": [],
          "private": "eyJlMmJmYjczMC1lY2FhLTExZTYtOGY4OC0zNDM2M2JjN2M0YzAiOnsiY3JlYXRlIjo2MDAwMDAwMDAwMDAsImRlbGV0ZSI6OTAwMDAwMDAwMDAwfSwic2NoZW1hX3ZlcnNpb24iOiIxIn0="
        }
      ]
    },
    {
      "module": "module.sec_groups",
      "mode": "managed",
      "type": "aws_security_group",
      "name": "web_security_group",
      "provider": "provider[\"registry.terraform.io/hashicorp/aws\"]",
      "instances": [
        {
          "schema_version": 1,
          "attributes": {
            "arn": "arn:aws:ec2:us-east-1:378331682224:security-group/sg-056ddba920f9f4a1c",
            "description": "Managed by Terraform",
            "egress": [
              {
                "cidr_blocks": [
                  "0.0.0.0/0"
                ],
                "description": "",
                "from_port": 0,
                "ipv6_cidr_blocks": [],
                "prefix_list_ids": [],
                "protocol": "-1",
                "security_groups": [],
                "self": false,
                "to_port": 0
              }
            ],
            "id": "sg-056ddba920f9f4a1c",
            "ingress": [
              {
                "cidr_blocks": [
                  "0.0.0.0/0"
                ],
                "description": "",
                "from_port": 22,
                "ipv6_cidr_blocks": [],
                "prefix_list_ids": [],
                "protocol": "tcp",
                "security_groups": [],
                "self": false,
                "to_port": 22
              },
              {
                "cidr_blocks": [
                  "0.0.0.0/0"
                ],
                "description": "",
                "from_port": 80,
                "ipv6_cidr_blocks": [],
                "prefix_list_ids": [],
                "protocol": "tcp",
                "security_groups": [],
                "self": false,
                "to_port": 80
              }
            ],
            "name": "webserver-sg",
            "name_prefix": "",
            "owner_id": "378331682224",
            "revoke_rules_on_delete": false,
            "tags": null,
            "tags_all": {},
            "timeouts": null,
            "vpc_id": "vpc-0f71264ff3b6d914d"
          },
          "sensitive_attributes": [],
          "private": "eyJlMmJmYjczMC1lY2FhLTExZTYtOGY4OC0zNDM2M2JjN2M0YzAiOnsiY3JlYXRlIjo2MDAwMDAwMDAwMDAsImRlbGV0ZSI6OTAwMDAwMDAwMDAwfSwic2NoZW1hX3ZlcnNpb24iOiIxIn0="
        }
      ]
    },
    {
      "module": "module.subnet",
      "mode": "managed",
      "type": "aws_subnet",
      "name": "private_subnets",
      "provider": "provider[\"registry.terraform.io/hashicorp/aws\"]",
      "instances": [
        {
          "index_key": 0,
          "schema_version": 1,
          "attributes": {
            "arn": "arn:aws:ec2:us-east-1:378331682224:subnet/subnet-0a911acd23cf0270c",
            "assign_ipv6_address_on_creation": false,
            "availability_zone": "us-east-1a",
            "availability_zone_id": "use1-az2",
            "cidr_block": "10.0.1.128/26",
            "customer_owned_ipv4_pool": "",
            "enable_dns64": false,
            "enable_lni_at_device_index": 0,
            "enable_resource_name_dns_a_record_on_launch": false,
            "enable_resource_name_dns_aaaa_record_on_launch": false,
            "id": "subnet-0a911acd23cf0270c",
            "ipv6_cidr_block": "",
            "ipv6_cidr_block_association_id": "",
            "ipv6_native": false,
            "map_customer_owned_ip_on_launch": false,
            "map_public_ip_on_launch": false,
            "outpost_arn": "",
            "owner_id": "378331682224",
            "private_dns_hostname_type_on_launch": "ip-name",
            "tags": {
              "Name": "ha-pri-sub-1"
            },
            "tags_all": {
              "Name": "ha-pri-sub-1"
            },
            "timeouts": null,
            "vpc_id": "vpc-0f71264ff3b6d914d"
          },
          "sensitive_attributes": [],
          "private": "eyJlMmJmYjczMC1lY2FhLTExZTYtOGY4OC0zNDM2M2JjN2M0YzAiOnsiY3JlYXRlIjo2MDAwMDAwMDAwMDAsImRlbGV0ZSI6MTIwMDAwMDAwMDAwMH0sInNjaGVtYV92ZXJzaW9uIjoiMSJ9"
        },
        {
          "index_key": 1,
          "schema_version": 1,
          "attributes": {
            "arn": "arn:aws:ec2:us-east-1:378331682224:subnet/subnet-0ce86f26a5845d49d",
            "assign_ipv6_address_on_creation": false,
            "availability_zone": "us-east-1b",
            "availability_zone_id": "use1-az4",
            "cidr_block": "10.0.1.192/26",
            "customer_owned_ipv4_pool": "",
            "enable_dns64": false,
            "enable_lni_at_device_index": 0,
            "enable_resource_name_dns_a_record_on_launch": false,
            "enable_resource_name_dns_aaaa_record_on_launch": false,
            "id": "subnet-0ce86f26a5845d49d",
            "ipv6_cidr_block": "",
            "ipv6_cidr_block_association_id": "",
            "ipv6_native": false,
            "map_customer_owned_ip_on_launch": false,
            "map_public_ip_on_launch": false,
            "outpost_arn": "",
            "owner_id": "378331682224",
            "private_dns_hostname_type_on_launch": "ip-name",
            "tags": {
              "Name": "ha-pri-sub-2"
            },
            "tags_all": {
              "Name": "ha-pri-sub-2"
            },
            "timeouts": null,
            "vpc_id": "vpc-0f71264ff3b6d914d"
          },
          "sensitive_attributes": [],
          "private": "eyJlMmJmYjczMC1lY2FhLTExZTYtOGY4OC0zNDM2M2JjN2M0YzAiOnsiY3JlYXRlIjo2MDAwMDAwMDAwMDAsImRlbGV0ZSI6MTIwMDAwMDAwMDAwMH0sInNjaGVtYV92ZXJzaW9uIjoiMSJ9"
        }
      ]
    },
    {
      "module": "module.subnet",
      "mode": "managed",
      "type": "aws_subnet",
      "name": "public_subnets",
      "provider": "provider[\"registry.terraform.io/hashicorp/aws\"]",
      "instances": [
        {
          "schema_version": 1,
          "attributes": {
            "arn": "arn:aws:ec2:us-east-1:378331682224:subnet/subnet-001374406fa7b86c3",
            "assign_ipv6_address_on_creation": false,
            "availability_zone": "us-east-1a",
            "availability_zone_id": "use1-az2",
            "cidr_block": "10.0.1.64/26",
            "customer_owned_ipv4_pool": "",
            "enable_dns64": false,
            "enable_lni_at_device_index": 0,
            "enable_resource_name_dns_a_record_on_launch": false,
            "enable_resource_name_dns_aaaa_record_on_launch": false,
            "id": "subnet-001374406fa7b86c3",
            "ipv6_cidr_block": "",
            "ipv6_cidr_block_association_id": "",
            "ipv6_native": false,
            "map_customer_owned_ip_on_launch": false,
            "map_public_ip_on_launch": true,
            "outpost_arn": "",
            "owner_id": "378331682224",
            "private_dns_hostname_type_on_launch": "ip-name",
            "tags": {
              "Name": "ha-public-subnet"
            },
            "tags_all": {
              "Name": "ha-public-subnet"
            },
            "timeouts": null,
            "vpc_id": "vpc-0f71264ff3b6d914d"
          },
          "sensitive_attributes": [],
          "private": "eyJlMmJmYjczMC1lY2FhLTExZTYtOGY4OC0zNDM2M2JjN2M0YzAiOnsiY3JlYXRlIjo2MDAwMDAwMDAwMDAsImRlbGV0ZSI6MTIwMDAwMDAwMDAwMH0sInNjaGVtYV92ZXJzaW9uIjoiMSJ9"
        }
      ]
    },
    {
      "module": "module.target_group",
      "mode": "managed",
      "type": "aws_lb_target_group",
      "name": "my_target_group",
      "provider": "provider[\"registry.terraform.io/hashicorp/aws\"]",
      "instances": [
        {
          "schema_version": 0,
          "attributes": {
            "arn": "arn:aws:elasticloadbalancing:us-east-1:378331682224:targetgroup/ha-tg/68d0920462a24828",
            "arn_suffix": "targetgroup/ha-tg/68d0920462a24828",
            "connection_termination": null,
            "deregistration_delay": "300",
            "health_check": [
              {
                "enabled": true,
                "healthy_threshold": 5,
                "interval": 30,
                "matcher": "200",
                "path": "/",
                "port": "traffic-port",
                "protocol": "HTTP",
                "timeout": 5,
                "unhealthy_threshold": 2
              }
            ],
            "id": "arn:aws:elasticloadbalancing:us-east-1:378331682224:targetgroup/ha-tg/68d0920462a24828",
            "ip_address_type": "ipv4",
            "lambda_multi_value_headers_enabled": false,
            "load_balancing_algorithm_type": "round_robin",
            "load_balancing_anomaly_mitigation": "off",
            "load_balancing_cross_zone_enabled": "use_load_balancer_configuration",
            "name": "ha-tg",
            "name_prefix": "",
            "port": 80,
            "preserve_client_ip": null,
            "protocol": "HTTP",
            "protocol_version": "HTTP1",
            "proxy_protocol_v2": false,
            "slow_start": 0,
            "stickiness": [
              {
                "cookie_duration": 86400,
                "cookie_name": "",
                "enabled": false,
                "type": "lb_cookie"
              }
            ],
            "tags": null,
            "tags_all": {},
            "target_failover": [
              {
                "on_deregistration": null,
                "on_unhealthy": null
              }
            ],
            "target_health_state": [
              {
                "enable_unhealthy_connection_termination": null
              }
            ],
            "target_type": "instance",
            "vpc_id": "vpc-0f71264ff3b6d914d"
          },
          "sensitive_attributes": [],
          "private": "bnVsbA=="
        }
      ]
    }
  ],
  "check_results": null
}
